
Microsoft Visual Studio Solution File, Format Version 9.00
# Visual Studio 2005
Project("{8BC9CEB8-8B4A-11D0-8D11-00A0C91BC942}") = "svn_tool", "svn_tool.vcproj", "{F91B912A-A5A9-45BD-9EDD-5227606A6A1E}"
EndProject
Global
	GlobalSection(SolutionConfigurationPlatforms) = preSolution
		Debug|Win32 = Debug|Win32
		Release|Win32 = Release|Win32
	EndGlobalSection
	GlobalSection(ProjectConfigurationPlatforms) = postSolution
		{F91B912A-A5A9-45BD-9EDD-5227606A6A1E}.Debug|Win32.ActiveCfg = Debug|Win32
		{F91B912A-A5A9-45BD-9EDD-5227606A6A1E}.Debug|Win32.Build.0 = Debug|Win32
		{F91B912A-A5A9-45BD-9EDD-5227606A6A1E}.Release|Win32.ActiveCfg = Release|Win32
		{F91B912A-A5A9-45BD-9EDD-5227606A6A1E}.Release|Win32.Build.0 = Release|Win32
	EndGlobalSection
	GlobalSection(SolutionProperties) = preSolution
		HideSolutionNode = FALSE
	EndGlobalSection
EndGlobal
