
Microsoft Visual Studio Solution File, Format Version 12.00
# Visual Studio 15
VisualStudioVersion = 15.0.28307.572
MinimumVisualStudioVersion = 10.0.40219.1
Project("{2150E333-8FDC-42A3-9474-1A3956D46DE8}") = "Center", "Center", "{9FD87A1B-2BA8-4270-8CED-25D28E176409}"
EndProject
Project("{2150E333-8FDC-42A3-9474-1A3956D46DE8}") = "Map", "Map", "{28A8C457-B004-4AE5-B12F-4A3EDE09EFB3}"
EndProject
Project("{2150E333-8FDC-42A3-9474-1A3956D46DE8}") = "Login", "Login", "{954A4C5B-C701-4377-BC18-E9F16DF356BF}"
EndProject
Project("{2150E333-8FDC-42A3-9474-1A3956D46DE8}") = "Log", "Log", "{AD29D0C0-F1A8-483A-8F4A-A0B9F6449C03}"
EndProject
Project("{2150E333-8FDC-42A3-9474-1A3956D46DE8}") = "Weapon", "Weapon", "{4D2A5120-225A-464A-9FCC-152282F8FC9D}"
EndProject
Project("{2150E333-8FDC-42A3-9474-1A3956D46DE8}") = "Machine", "Machine", "{FE4890A5-3E83-47B1-8F86-AF7595B1BE75}"
EndProject
Project("{2150E333-8FDC-42A3-9474-1A3956D46DE8}") = "Immigration", "Immigration", "{FC5331DC-D99D-499E-809E-EEE2238E243E}"
EndProject
Project("{2150E333-8FDC-42A3-9474-1A3956D46DE8}") = "Switch", "Switch", "{95ECE721-E1A7-4ACD-9555-0FAA5912E4E3}"
EndProject
Project("{2150E333-8FDC-42A3-9474-1A3956D46DE8}") = "Contents", "Contents", "{2994A691-9BE4-42D4-A25B-3A6A365B7A29}"
EndProject
Project("{2150E333-8FDC-42A3-9474-1A3956D46DE8}") = "Consent", "Consent", "{77F19D06-536C-407E-8891-2941CA163B79}"
EndProject
Project("{2150E333-8FDC-42A3-9474-1A3956D46DE8}") = "GM", "GM", "{69C2A64F-5FC2-4032-9857-AC79B8BB2EA9}"
EndProject
Project("{8BC9CEB8-8B4A-11D0-8D11-00A0C91BC942}") = "LogServer", "Archangel\LogServer\LogServer.vcxproj", "{3DA40F08-399B-40D5-9174-95B04A132D4F}"
EndProject
Project("{8BC9CEB8-8B4A-11D0-8D11-00A0C91BC942}") = "LoginServer", "Archangel\LoginServer\LoginServer.vcxproj", "{8F658A02-E14E-4422-874E-99B1CE7820F3}"
EndProject
Project("{8BC9CEB8-8B4A-11D0-8D11-00A0C91BC942}") = "MapServer", "Archangel\MapServer\MapServer.vcxproj", "{12DA0B28-A231-491E-A5E7-E263687AD509}"
EndProject
Project("{8BC9CEB8-8B4A-11D0-8D11-00A0C91BC942}") = "Lohengrin", "Archangel\Weapons\Lohengrin\Lohengrin.vcxproj", "{77F61351-AD25-4FAF-9B3D-E9DF557011D7}"
EndProject
Project("{8BC9CEB8-8B4A-11D0-8D11-00A0C91BC942}") = "Variant", "Archangel\Weapons\Variant\Variant.vcxproj", "{B70E3B9F-702A-4081-B800-0561AE064326}"
EndProject
Project("{8BC9CEB8-8B4A-11D0-8D11-00A0C91BC942}") = "MMC", "Archangel\MControl\MMC\MMC.vcxproj", "{74234FEF-2DE8-48C6-8D67-5A09C310CDDA}"
EndProject
Project("{8BC9CEB8-8B4A-11D0-8D11-00A0C91BC942}") = "SMC", "Archangel\MControl\SMC\SMC.vcxproj", "{8E09B995-8A1E-46D9-A251-B15E1577343A}"
EndProject
Project("{8BC9CEB8-8B4A-11D0-8D11-00A0C91BC942}") = "ImmigrationServer", "Archangel\Immigration\ImmigrationServer.vcxproj", "{DBDB5D35-9E76-49A7-A150-067EAF6FAD7D}"
EndProject
Project("{8BC9CEB8-8B4A-11D0-8D11-00A0C91BC942}") = "SwitchServer", "Archangel\Switch\SwitchServer.vcxproj", "{8B719F13-560A-4B53-8E24-4BEC97FAD755}"
EndProject
Project("{8BC9CEB8-8B4A-11D0-8D11-00A0C91BC942}") = "ContentsServer", "Archangel\ContentsServer\ContentsServer.vcxproj", "{E182B234-7F2C-419C-94C4-6041847727A7}"
EndProject
Project("{8BC9CEB8-8B4A-11D0-8D11-00A0C91BC942}") = "CenterServer", "Archangel\Center\CenterServer.vcxproj", "{D5788965-2843-48F8-A940-699CDCE94A40}"
EndProject
Project("{8BC9CEB8-8B4A-11D0-8D11-00A0C91BC942}") = "Collins", "Archangel\Weapons\Collins\Collins.vcxproj", "{DE46DDCC-66ED-4713-98E1-629F66E191F5}"
EndProject
Project("{8BC9CEB8-8B4A-11D0-8D11-00A0C91BC942}") = "GMServer", "Archangel\GMServer\GMServer.vcxproj", "{1DDFCBB7-ED72-4BE1-AD77-66CACF455176}"
EndProject
Project("{8BC9CEB8-8B4A-11D0-8D11-00A0C91BC942}") = "HellDart", "Archangel\Weapons\HellDart\HellDart.vcxproj", "{DDDA6FAB-BDCF-49B8-AB69-3B27622C06D5}"
EndProject
Project("{8BC9CEB8-8B4A-11D0-8D11-00A0C91BC942}") = "FCS", "Archangel\Weapons\FCS\FCS.vcxproj", "{4563CFB6-4E68-497D-BDD1-54E34BA3ABE9}"
EndProject
Project("{8BC9CEB8-8B4A-11D0-8D11-00A0C91BC942}") = "ConsentServer", "Archangel\Consent\ConsentServer.vcxproj", "{E2A8A975-3ED3-4DF7-B835-86425FA5F0D4}"
EndProject
Project("{8BC9CEB8-8B4A-11D0-8D11-00A0C91BC942}") = "AilePack", "Archangel\Weapons\AilePack\AilePack.vcxproj", "{150AC8A1-7A59-4C74-A239-22C547AD858B}"
EndProject
Global
	GlobalSection(SolutionConfigurationPlatforms) = preSolution
		Lib MD H_AUTO|Win32 = Lib MD H_AUTO|Win32
		Lib MD|Win32 = Lib MD|Win32
		Lib MDd|Win32 = Lib MDd|Win32
		Lib MDo H_AUTO|Win32 = Lib MDo H_AUTO|Win32
		Lib MDo|Win32 = Lib MDo|Win32
		Lib MT|Win32 = Lib MT|Win32
		Lib MTd|Win32 = Lib MTd|Win32
		Lib MTo|Win32 = Lib MTo|Win32
	EndGlobalSection
	GlobalSection(ProjectConfigurationPlatforms) = postSolution
		{3DA40F08-399B-40D5-9174-95B04A132D4F}.Lib MD H_AUTO|Win32.ActiveCfg = Lib MD|Win32
		{3DA40F08-399B-40D5-9174-95B04A132D4F}.Lib MD H_AUTO|Win32.Build.0 = Lib MD|Win32
		{3DA40F08-399B-40D5-9174-95B04A132D4F}.Lib MD|Win32.ActiveCfg = Lib MD|Win32
		{3DA40F08-399B-40D5-9174-95B04A132D4F}.Lib MD|Win32.Build.0 = Lib MD|Win32
		{3DA40F08-399B-40D5-9174-95B04A132D4F}.Lib MDd|Win32.ActiveCfg = Lib MDd|Win32
		{3DA40F08-399B-40D5-9174-95B04A132D4F}.Lib MDd|Win32.Build.0 = Lib MDd|Win32
		{3DA40F08-399B-40D5-9174-95B04A132D4F}.Lib MDo H_AUTO|Win32.ActiveCfg = Lib MDo|Win32
		{3DA40F08-399B-40D5-9174-95B04A132D4F}.Lib MDo H_AUTO|Win32.Build.0 = Lib MDo|Win32
		{3DA40F08-399B-40D5-9174-95B04A132D4F}.Lib MDo|Win32.ActiveCfg = Lib MDo|Win32
		{3DA40F08-399B-40D5-9174-95B04A132D4F}.Lib MDo|Win32.Build.0 = Lib MDo|Win32
		{3DA40F08-399B-40D5-9174-95B04A132D4F}.Lib MT|Win32.ActiveCfg = Lib MDo|Win32
		{3DA40F08-399B-40D5-9174-95B04A132D4F}.Lib MT|Win32.Build.0 = Lib MDo|Win32
		{3DA40F08-399B-40D5-9174-95B04A132D4F}.Lib MTd|Win32.ActiveCfg = Lib MDo|Win32
		{3DA40F08-399B-40D5-9174-95B04A132D4F}.Lib MTd|Win32.Build.0 = Lib MDo|Win32
		{3DA40F08-399B-40D5-9174-95B04A132D4F}.Lib MTo|Win32.ActiveCfg = Lib MDo|Win32
		{3DA40F08-399B-40D5-9174-95B04A132D4F}.Lib MTo|Win32.Build.0 = Lib MDo|Win32
		{8F658A02-E14E-4422-874E-99B1CE7820F3}.Lib MD H_AUTO|Win32.ActiveCfg = Lib MD|Win32
		{8F658A02-E14E-4422-874E-99B1CE7820F3}.Lib MD H_AUTO|Win32.Build.0 = Lib MD|Win32
		{8F658A02-E14E-4422-874E-99B1CE7820F3}.Lib MD|Win32.ActiveCfg = Lib MD|Win32
		{8F658A02-E14E-4422-874E-99B1CE7820F3}.Lib MD|Win32.Build.0 = Lib MD|Win32
		{8F658A02-E14E-4422-874E-99B1CE7820F3}.Lib MDd|Win32.ActiveCfg = Lib MDd|Win32
		{8F658A02-E14E-4422-874E-99B1CE7820F3}.Lib MDd|Win32.Build.0 = Lib MDd|Win32
		{8F658A02-E14E-4422-874E-99B1CE7820F3}.Lib MDo H_AUTO|Win32.ActiveCfg = Lib MDo|Win32
		{8F658A02-E14E-4422-874E-99B1CE7820F3}.Lib MDo H_AUTO|Win32.Build.0 = Lib MDo|Win32
		{8F658A02-E14E-4422-874E-99B1CE7820F3}.Lib MDo|Win32.ActiveCfg = Lib MDo|Win32
		{8F658A02-E14E-4422-874E-99B1CE7820F3}.Lib MDo|Win32.Build.0 = Lib MDo|Win32
		{8F658A02-E14E-4422-874E-99B1CE7820F3}.Lib MT|Win32.ActiveCfg = Lib MDo|Win32
		{8F658A02-E14E-4422-874E-99B1CE7820F3}.Lib MT|Win32.Build.0 = Lib MDo|Win32
		{8F658A02-E14E-4422-874E-99B1CE7820F3}.Lib MTd|Win32.ActiveCfg = Lib MDo|Win32
		{8F658A02-E14E-4422-874E-99B1CE7820F3}.Lib MTd|Win32.Build.0 = Lib MDo|Win32
		{8F658A02-E14E-4422-874E-99B1CE7820F3}.Lib MTo|Win32.ActiveCfg = Lib MDo|Win32
		{8F658A02-E14E-4422-874E-99B1CE7820F3}.Lib MTo|Win32.Build.0 = Lib MDo|Win32
		{12DA0B28-A231-491E-A5E7-E263687AD509}.Lib MD H_AUTO|Win32.ActiveCfg = Lib MD|Win32
		{12DA0B28-A231-491E-A5E7-E263687AD509}.Lib MD H_AUTO|Win32.Build.0 = Lib MD|Win32
		{12DA0B28-A231-491E-A5E7-E263687AD509}.Lib MD|Win32.ActiveCfg = Lib MD|Win32
		{12DA0B28-A231-491E-A5E7-E263687AD509}.Lib MD|Win32.Build.0 = Lib MD|Win32
		{12DA0B28-A231-491E-A5E7-E263687AD509}.Lib MDd|Win32.ActiveCfg = Lib MDd|Win32
		{12DA0B28-A231-491E-A5E7-E263687AD509}.Lib MDd|Win32.Build.0 = Lib MDd|Win32
		{12DA0B28-A231-491E-A5E7-E263687AD509}.Lib MDo H_AUTO|Win32.ActiveCfg = Lib MDo|Win32
		{12DA0B28-A231-491E-A5E7-E263687AD509}.Lib MDo H_AUTO|Win32.Build.0 = Lib MDo|Win32
		{12DA0B28-A231-491E-A5E7-E263687AD509}.Lib MDo|Win32.ActiveCfg = Lib MDo|Win32
		{12DA0B28-A231-491E-A5E7-E263687AD509}.Lib MDo|Win32.Build.0 = Lib MDo|Win32
		{12DA0B28-A231-491E-A5E7-E263687AD509}.Lib MT|Win32.ActiveCfg = Lib MDo|Win32
		{12DA0B28-A231-491E-A5E7-E263687AD509}.Lib MT|Win32.Build.0 = Lib MDo|Win32
		{12DA0B28-A231-491E-A5E7-E263687AD509}.Lib MTd|Win32.ActiveCfg = Lib MDo|Win32
		{12DA0B28-A231-491E-A5E7-E263687AD509}.Lib MTd|Win32.Build.0 = Lib MDo|Win32
		{12DA0B28-A231-491E-A5E7-E263687AD509}.Lib MTo|Win32.ActiveCfg = Lib MDo|Win32
		{12DA0B28-A231-491E-A5E7-E263687AD509}.Lib MTo|Win32.Build.0 = Lib MDo|Win32
		{77F61351-AD25-4FAF-9B3D-E9DF557011D7}.Lib MD H_AUTO|Win32.ActiveCfg = Lib MD|Win32
		{77F61351-AD25-4FAF-9B3D-E9DF557011D7}.Lib MD H_AUTO|Win32.Build.0 = Lib MD|Win32
		{77F61351-AD25-4FAF-9B3D-E9DF557011D7}.Lib MD|Win32.ActiveCfg = Lib MD|Win32
		{77F61351-AD25-4FAF-9B3D-E9DF557011D7}.Lib MD|Win32.Build.0 = Lib MD|Win32
		{77F61351-AD25-4FAF-9B3D-E9DF557011D7}.Lib MDd|Win32.ActiveCfg = Lib MDd|Win32
		{77F61351-AD25-4FAF-9B3D-E9DF557011D7}.Lib MDd|Win32.Build.0 = Lib MDd|Win32
		{77F61351-AD25-4FAF-9B3D-E9DF557011D7}.Lib MDo H_AUTO|Win32.ActiveCfg = Lib MDo|Win32
		{77F61351-AD25-4FAF-9B3D-E9DF557011D7}.Lib MDo H_AUTO|Win32.Build.0 = Lib MDo|Win32
		{77F61351-AD25-4FAF-9B3D-E9DF557011D7}.Lib MDo|Win32.ActiveCfg = Lib MDo|Win32
		{77F61351-AD25-4FAF-9B3D-E9DF557011D7}.Lib MDo|Win32.Build.0 = Lib MDo|Win32
		{77F61351-AD25-4FAF-9B3D-E9DF557011D7}.Lib MT|Win32.ActiveCfg = Lib MT|Win32
		{77F61351-AD25-4FAF-9B3D-E9DF557011D7}.Lib MT|Win32.Build.0 = Lib MT|Win32
		{77F61351-AD25-4FAF-9B3D-E9DF557011D7}.Lib MTd|Win32.ActiveCfg = Lib MTd|Win32
		{77F61351-AD25-4FAF-9B3D-E9DF557011D7}.Lib MTd|Win32.Build.0 = Lib MTd|Win32
		{77F61351-AD25-4FAF-9B3D-E9DF557011D7}.Lib MTo|Win32.ActiveCfg = Lib MTo|Win32
		{77F61351-AD25-4FAF-9B3D-E9DF557011D7}.Lib MTo|Win32.Build.0 = Lib MTo|Win32
		{B70E3B9F-702A-4081-B800-0561AE064326}.Lib MD H_AUTO|Win32.ActiveCfg = Lib MD|Win32
		{B70E3B9F-702A-4081-B800-0561AE064326}.Lib MD H_AUTO|Win32.Build.0 = Lib MD|Win32
		{B70E3B9F-702A-4081-B800-0561AE064326}.Lib MD|Win32.ActiveCfg = Lib MD|Win32
		{B70E3B9F-702A-4081-B800-0561AE064326}.Lib MD|Win32.Build.0 = Lib MD|Win32
		{B70E3B9F-702A-4081-B800-0561AE064326}.Lib MDd|Win32.ActiveCfg = Lib MDd|Win32
		{B70E3B9F-702A-4081-B800-0561AE064326}.Lib MDd|Win32.Build.0 = Lib MDd|Win32
		{B70E3B9F-702A-4081-B800-0561AE064326}.Lib MDo H_AUTO|Win32.ActiveCfg = Lib MDo|Win32
		{B70E3B9F-702A-4081-B800-0561AE064326}.Lib MDo H_AUTO|Win32.Build.0 = Lib MDo|Win32
		{B70E3B9F-702A-4081-B800-0561AE064326}.Lib MDo|Win32.ActiveCfg = Lib MDo|Win32
		{B70E3B9F-702A-4081-B800-0561AE064326}.Lib MDo|Win32.Build.0 = Lib MDo|Win32
		{B70E3B9F-702A-4081-B800-0561AE064326}.Lib MT|Win32.ActiveCfg = Lib MT|Win32
		{B70E3B9F-702A-4081-B800-0561AE064326}.Lib MT|Win32.Build.0 = Lib MT|Win32
		{B70E3B9F-702A-4081-B800-0561AE064326}.Lib MTd|Win32.ActiveCfg = Lib MTd|Win32
		{B70E3B9F-702A-4081-B800-0561AE064326}.Lib MTd|Win32.Build.0 = Lib MTd|Win32
		{B70E3B9F-702A-4081-B800-0561AE064326}.Lib MTo|Win32.ActiveCfg = Lib MTo|Win32
		{B70E3B9F-702A-4081-B800-0561AE064326}.Lib MTo|Win32.Build.0 = Lib MTo|Win32
		{74234FEF-2DE8-48C6-8D67-5A09C310CDDA}.Lib MD H_AUTO|Win32.ActiveCfg = Lib MD|Win32
		{74234FEF-2DE8-48C6-8D67-5A09C310CDDA}.Lib MD H_AUTO|Win32.Build.0 = Lib MD|Win32
		{74234FEF-2DE8-48C6-8D67-5A09C310CDDA}.Lib MD|Win32.ActiveCfg = Lib MD|Win32
		{74234FEF-2DE8-48C6-8D67-5A09C310CDDA}.Lib MD|Win32.Build.0 = Lib MD|Win32
		{74234FEF-2DE8-48C6-8D67-5A09C310CDDA}.Lib MDd|Win32.ActiveCfg = Lib MDd|Win32
		{74234FEF-2DE8-48C6-8D67-5A09C310CDDA}.Lib MDd|Win32.Build.0 = Lib MDd|Win32
		{74234FEF-2DE8-48C6-8D67-5A09C310CDDA}.Lib MDo H_AUTO|Win32.ActiveCfg = Lib MDo|Win32
		{74234FEF-2DE8-48C6-8D67-5A09C310CDDA}.Lib MDo H_AUTO|Win32.Build.0 = Lib MDo|Win32
		{74234FEF-2DE8-48C6-8D67-5A09C310CDDA}.Lib MDo|Win32.ActiveCfg = Lib MDo|Win32
		{74234FEF-2DE8-48C6-8D67-5A09C310CDDA}.Lib MDo|Win32.Build.0 = Lib MDo|Win32
		{74234FEF-2DE8-48C6-8D67-5A09C310CDDA}.Lib MT|Win32.ActiveCfg = Lib MDo|Win32
		{74234FEF-2DE8-48C6-8D67-5A09C310CDDA}.Lib MT|Win32.Build.0 = Lib MDo|Win32
		{74234FEF-2DE8-48C6-8D67-5A09C310CDDA}.Lib MTd|Win32.ActiveCfg = Lib MDo|Win32
		{74234FEF-2DE8-48C6-8D67-5A09C310CDDA}.Lib MTd|Win32.Build.0 = Lib MDo|Win32
		{74234FEF-2DE8-48C6-8D67-5A09C310CDDA}.Lib MTo|Win32.ActiveCfg = Lib MDo|Win32
		{74234FEF-2DE8-48C6-8D67-5A09C310CDDA}.Lib MTo|Win32.Build.0 = Lib MDo|Win32
		{8E09B995-8A1E-46D9-A251-B15E1577343A}.Lib MD H_AUTO|Win32.ActiveCfg = Lib MD|Win32
		{8E09B995-8A1E-46D9-A251-B15E1577343A}.Lib MD H_AUTO|Win32.Build.0 = Lib MD|Win32
		{8E09B995-8A1E-46D9-A251-B15E1577343A}.Lib MD|Win32.ActiveCfg = Lib MD|Win32
		{8E09B995-8A1E-46D9-A251-B15E1577343A}.Lib MD|Win32.Build.0 = Lib MD|Win32
		{8E09B995-8A1E-46D9-A251-B15E1577343A}.Lib MDd|Win32.ActiveCfg = Lib MDd|Win32
		{8E09B995-8A1E-46D9-A251-B15E1577343A}.Lib MDd|Win32.Build.0 = Lib MDd|Win32
		{8E09B995-8A1E-46D9-A251-B15E1577343A}.Lib MDo H_AUTO|Win32.ActiveCfg = Lib MDo|Win32
		{8E09B995-8A1E-46D9-A251-B15E1577343A}.Lib MDo H_AUTO|Win32.Build.0 = Lib MDo|Win32
		{8E09B995-8A1E-46D9-A251-B15E1577343A}.Lib MDo|Win32.ActiveCfg = Lib MDo|Win32
		{8E09B995-8A1E-46D9-A251-B15E1577343A}.Lib MDo|Win32.Build.0 = Lib MDo|Win32
		{8E09B995-8A1E-46D9-A251-B15E1577343A}.Lib MT|Win32.ActiveCfg = Lib MDo|Win32
		{8E09B995-8A1E-46D9-A251-B15E1577343A}.Lib MT|Win32.Build.0 = Lib MDo|Win32
		{8E09B995-8A1E-46D9-A251-B15E1577343A}.Lib MTd|Win32.ActiveCfg = Lib MDo|Win32
		{8E09B995-8A1E-46D9-A251-B15E1577343A}.Lib MTd|Win32.Build.0 = Lib MDo|Win32
		{8E09B995-8A1E-46D9-A251-B15E1577343A}.Lib MTo|Win32.ActiveCfg = Lib MDo|Win32
		{8E09B995-8A1E-46D9-A251-B15E1577343A}.Lib MTo|Win32.Build.0 = Lib MDo|Win32
		{DBDB5D35-9E76-49A7-A150-067EAF6FAD7D}.Lib MD H_AUTO|Win32.ActiveCfg = Lib MD|Win32
		{DBDB5D35-9E76-49A7-A150-067EAF6FAD7D}.Lib MD H_AUTO|Win32.Build.0 = Lib MD|Win32
		{DBDB5D35-9E76-49A7-A150-067EAF6FAD7D}.Lib MD|Win32.ActiveCfg = Lib MD|Win32
		{DBDB5D35-9E76-49A7-A150-067EAF6FAD7D}.Lib MD|Win32.Build.0 = Lib MD|Win32
		{DBDB5D35-9E76-49A7-A150-067EAF6FAD7D}.Lib MDd|Win32.ActiveCfg = Lib MDd|Win32
		{DBDB5D35-9E76-49A7-A150-067EAF6FAD7D}.Lib MDd|Win32.Build.0 = Lib MDd|Win32
		{DBDB5D35-9E76-49A7-A150-067EAF6FAD7D}.Lib MDo H_AUTO|Win32.ActiveCfg = Lib MDo|Win32
		{DBDB5D35-9E76-49A7-A150-067EAF6FAD7D}.Lib MDo H_AUTO|Win32.Build.0 = Lib MDo|Win32
		{DBDB5D35-9E76-49A7-A150-067EAF6FAD7D}.Lib MDo|Win32.ActiveCfg = Lib MDo|Win32
		{DBDB5D35-9E76-49A7-A150-067EAF6FAD7D}.Lib MDo|Win32.Build.0 = Lib MDo|Win32
		{DBDB5D35-9E76-49A7-A150-067EAF6FAD7D}.Lib MT|Win32.ActiveCfg = Lib MDo|Win32
		{DBDB5D35-9E76-49A7-A150-067EAF6FAD7D}.Lib MT|Win32.Build.0 = Lib MDo|Win32
		{DBDB5D35-9E76-49A7-A150-067EAF6FAD7D}.Lib MTd|Win32.ActiveCfg = Lib MDo|Win32
		{DBDB5D35-9E76-49A7-A150-067EAF6FAD7D}.Lib MTd|Win32.Build.0 = Lib MDo|Win32
		{DBDB5D35-9E76-49A7-A150-067EAF6FAD7D}.Lib MTo|Win32.ActiveCfg = Lib MDo|Win32
		{DBDB5D35-9E76-49A7-A150-067EAF6FAD7D}.Lib MTo|Win32.Build.0 = Lib MDo|Win32
		{8B719F13-560A-4B53-8E24-4BEC97FAD755}.Lib MD H_AUTO|Win32.ActiveCfg = Lib MD H_AUTO|Win32
		{8B719F13-560A-4B53-8E24-4BEC97FAD755}.Lib MD H_AUTO|Win32.Build.0 = Lib MD H_AUTO|Win32
		{8B719F13-560A-4B53-8E24-4BEC97FAD755}.Lib MD|Win32.ActiveCfg = Lib MD|Win32
		{8B719F13-560A-4B53-8E24-4BEC97FAD755}.Lib MD|Win32.Build.0 = Lib MD|Win32
		{8B719F13-560A-4B53-8E24-4BEC97FAD755}.Lib MDd|Win32.ActiveCfg = Lib MDd|Win32
		{8B719F13-560A-4B53-8E24-4BEC97FAD755}.Lib MDd|Win32.Build.0 = Lib MDd|Win32
		{8B719F13-560A-4B53-8E24-4BEC97FAD755}.Lib MDo H_AUTO|Win32.ActiveCfg = Lib MDo H_AUTO|Win32
		{8B719F13-560A-4B53-8E24-4BEC97FAD755}.Lib MDo H_AUTO|Win32.Build.0 = Lib MDo H_AUTO|Win32
		{8B719F13-560A-4B53-8E24-4BEC97FAD755}.Lib MDo|Win32.ActiveCfg = Lib MDo|Win32
		{8B719F13-560A-4B53-8E24-4BEC97FAD755}.Lib MDo|Win32.Build.0 = Lib MDo|Win32
		{8B719F13-560A-4B53-8E24-4BEC97FAD755}.Lib MT|Win32.ActiveCfg = Lib MT|Win32
		{8B719F13-560A-4B53-8E24-4BEC97FAD755}.Lib MT|Win32.Build.0 = Lib MT|Win32
		{8B719F13-560A-4B53-8E24-4BEC97FAD755}.Lib MTd|Win32.ActiveCfg = Lib MDo|Win32
		{8B719F13-560A-4B53-8E24-4BEC97FAD755}.Lib MTd|Win32.Build.0 = Lib MDo|Win32
		{8B719F13-560A-4B53-8E24-4BEC97FAD755}.Lib MTo|Win32.ActiveCfg = Lib MDo|Win32
		{8B719F13-560A-4B53-8E24-4BEC97FAD755}.Lib MTo|Win32.Build.0 = Lib MDo|Win32
		{E182B234-7F2C-419C-94C4-6041847727A7}.Lib MD H_AUTO|Win32.ActiveCfg = Lib MD|Win32
		{E182B234-7F2C-419C-94C4-6041847727A7}.Lib MD H_AUTO|Win32.Build.0 = Lib MD|Win32
		{E182B234-7F2C-419C-94C4-6041847727A7}.Lib MD|Win32.ActiveCfg = Lib MD|Win32
		{E182B234-7F2C-419C-94C4-6041847727A7}.Lib MD|Win32.Build.0 = Lib MD|Win32
		{E182B234-7F2C-419C-94C4-6041847727A7}.Lib MDd|Win32.ActiveCfg = Lib MDd|Win32
		{E182B234-7F2C-419C-94C4-6041847727A7}.Lib MDd|Win32.Build.0 = Lib MDd|Win32
		{E182B234-7F2C-419C-94C4-6041847727A7}.Lib MDo H_AUTO|Win32.ActiveCfg = Lib MDo H_AUTO|Win32
		{E182B234-7F2C-419C-94C4-6041847727A7}.Lib MDo H_AUTO|Win32.Build.0 = Lib MDo H_AUTO|Win32
		{E182B234-7F2C-419C-94C4-6041847727A7}.Lib MDo|Win32.ActiveCfg = Lib MDo|Win32
		{E182B234-7F2C-419C-94C4-6041847727A7}.Lib MDo|Win32.Build.0 = Lib MDo|Win32
		{E182B234-7F2C-419C-94C4-6041847727A7}.Lib MT|Win32.ActiveCfg = Lib MDo|Win32
		{E182B234-7F2C-419C-94C4-6041847727A7}.Lib MT|Win32.Build.0 = Lib MDo|Win32
		{E182B234-7F2C-419C-94C4-6041847727A7}.Lib MTd|Win32.ActiveCfg = Lib MDo|Win32
		{E182B234-7F2C-419C-94C4-6041847727A7}.Lib MTd|Win32.Build.0 = Lib MDo|Win32
		{E182B234-7F2C-419C-94C4-6041847727A7}.Lib MTo|Win32.ActiveCfg = Lib MDo|Win32
		{E182B234-7F2C-419C-94C4-6041847727A7}.Lib MTo|Win32.Build.0 = Lib MDo|Win32
		{D5788965-2843-48F8-A940-699CDCE94A40}.Lib MD H_AUTO|Win32.ActiveCfg = Lib MD|Win32
		{D5788965-2843-48F8-A940-699CDCE94A40}.Lib MD H_AUTO|Win32.Build.0 = Lib MD|Win32
		{D5788965-2843-48F8-A940-699CDCE94A40}.Lib MD|Win32.ActiveCfg = Lib MD|Win32
		{D5788965-2843-48F8-A940-699CDCE94A40}.Lib MD|Win32.Build.0 = Lib MD|Win32
		{D5788965-2843-48F8-A940-699CDCE94A40}.Lib MDd|Win32.ActiveCfg = Lib MDd|Win32
		{D5788965-2843-48F8-A940-699CDCE94A40}.Lib MDd|Win32.Build.0 = Lib MDd|Win32
		{D5788965-2843-48F8-A940-699CDCE94A40}.Lib MDo H_AUTO|Win32.ActiveCfg = Lib MDo H_AUTO|Win32
		{D5788965-2843-48F8-A940-699CDCE94A40}.Lib MDo H_AUTO|Win32.Build.0 = Lib MDo H_AUTO|Win32
		{D5788965-2843-48F8-A940-699CDCE94A40}.Lib MDo|Win32.ActiveCfg = Lib MDo|Win32
		{D5788965-2843-48F8-A940-699CDCE94A40}.Lib MDo|Win32.Build.0 = Lib MDo|Win32
		{D5788965-2843-48F8-A940-699CDCE94A40}.Lib MT|Win32.ActiveCfg = Lib MDo|Win32
		{D5788965-2843-48F8-A940-699CDCE94A40}.Lib MT|Win32.Build.0 = Lib MDo|Win32
		{D5788965-2843-48F8-A940-699CDCE94A40}.Lib MTd|Win32.ActiveCfg = Lib MDo|Win32
		{D5788965-2843-48F8-A940-699CDCE94A40}.Lib MTd|Win32.Build.0 = Lib MDo|Win32
		{D5788965-2843-48F8-A940-699CDCE94A40}.Lib MTo|Win32.ActiveCfg = Lib MDo|Win32
		{D5788965-2843-48F8-A940-699CDCE94A40}.Lib MTo|Win32.Build.0 = Lib MDo|Win32
		{DE46DDCC-66ED-4713-98E1-629F66E191F5}.Lib MD H_AUTO|Win32.ActiveCfg = Lib MD|Win32
		{DE46DDCC-66ED-4713-98E1-629F66E191F5}.Lib MD H_AUTO|Win32.Build.0 = Lib MD|Win32
		{DE46DDCC-66ED-4713-98E1-629F66E191F5}.Lib MD|Win32.ActiveCfg = Lib MD|Win32
		{DE46DDCC-66ED-4713-98E1-629F66E191F5}.Lib MD|Win32.Build.0 = Lib MD|Win32
		{DE46DDCC-66ED-4713-98E1-629F66E191F5}.Lib MDd|Win32.ActiveCfg = Lib MDd|Win32
		{DE46DDCC-66ED-4713-98E1-629F66E191F5}.Lib MDd|Win32.Build.0 = Lib MDd|Win32
		{DE46DDCC-66ED-4713-98E1-629F66E191F5}.Lib MDo H_AUTO|Win32.ActiveCfg = Lib MDo H_AUTO|Win32
		{DE46DDCC-66ED-4713-98E1-629F66E191F5}.Lib MDo H_AUTO|Win32.Build.0 = Lib MDo H_AUTO|Win32
		{DE46DDCC-66ED-4713-98E1-629F66E191F5}.Lib MDo|Win32.ActiveCfg = Lib MDo|Win32
		{DE46DDCC-66ED-4713-98E1-629F66E191F5}.Lib MDo|Win32.Build.0 = Lib MDo|Win32
		{DE46DDCC-66ED-4713-98E1-629F66E191F5}.Lib MT|Win32.ActiveCfg = Lib MT|Win32
		{DE46DDCC-66ED-4713-98E1-629F66E191F5}.Lib MT|Win32.Build.0 = Lib MT|Win32
		{DE46DDCC-66ED-4713-98E1-629F66E191F5}.Lib MTd|Win32.ActiveCfg = Lib MTd|Win32
		{DE46DDCC-66ED-4713-98E1-629F66E191F5}.Lib MTd|Win32.Build.0 = Lib MTd|Win32
		{DE46DDCC-66ED-4713-98E1-629F66E191F5}.Lib MTo|Win32.ActiveCfg = Lib MTo|Win32
		{DE46DDCC-66ED-4713-98E1-629F66E191F5}.Lib MTo|Win32.Build.0 = Lib MTo|Win32
		{1DDFCBB7-ED72-4BE1-AD77-66CACF455176}.Lib MD H_AUTO|Win32.ActiveCfg = Lib MD|Win32
		{1DDFCBB7-ED72-4BE1-AD77-66CACF455176}.Lib MD H_AUTO|Win32.Build.0 = Lib MD|Win32
		{1DDFCBB7-ED72-4BE1-AD77-66CACF455176}.Lib MD|Win32.ActiveCfg = Lib MD|Win32
		{1DDFCBB7-ED72-4BE1-AD77-66CACF455176}.Lib MD|Win32.Build.0 = Lib MD|Win32
		{1DDFCBB7-ED72-4BE1-AD77-66CACF455176}.Lib MDd|Win32.ActiveCfg = Lib MDd|Win32
		{1DDFCBB7-ED72-4BE1-AD77-66CACF455176}.Lib MDd|Win32.Build.0 = Lib MDd|Win32
		{1DDFCBB7-ED72-4BE1-AD77-66CACF455176}.Lib MDo H_AUTO|Win32.ActiveCfg = Lib MDo|Win32
		{1DDFCBB7-ED72-4BE1-AD77-66CACF455176}.Lib MDo H_AUTO|Win32.Build.0 = Lib MDo|Win32
		{1DDFCBB7-ED72-4BE1-AD77-66CACF455176}.Lib MDo|Win32.ActiveCfg = Lib MDo|Win32
		{1DDFCBB7-ED72-4BE1-AD77-66CACF455176}.Lib MDo|Win32.Build.0 = Lib MDo|Win32
		{1DDFCBB7-ED72-4BE1-AD77-66CACF455176}.Lib MT|Win32.ActiveCfg = Lib MDo|Win32
		{1DDFCBB7-ED72-4BE1-AD77-66CACF455176}.Lib MT|Win32.Build.0 = Lib MDo|Win32
		{1DDFCBB7-ED72-4BE1-AD77-66CACF455176}.Lib MTd|Win32.ActiveCfg = Lib MDo|Win32
		{1DDFCBB7-ED72-4BE1-AD77-66CACF455176}.Lib MTd|Win32.Build.0 = Lib MDo|Win32
		{1DDFCBB7-ED72-4BE1-AD77-66CACF455176}.Lib MTo|Win32.ActiveCfg = Lib MDo|Win32
		{1DDFCBB7-ED72-4BE1-AD77-66CACF455176}.Lib MTo|Win32.Build.0 = Lib MDo|Win32
		{DDDA6FAB-BDCF-49B8-AB69-3B27622C06D5}.Lib MD H_AUTO|Win32.ActiveCfg = Lib MD|Win32
		{DDDA6FAB-BDCF-49B8-AB69-3B27622C06D5}.Lib MD H_AUTO|Win32.Build.0 = Lib MD|Win32
		{DDDA6FAB-BDCF-49B8-AB69-3B27622C06D5}.Lib MD|Win32.ActiveCfg = Lib MD|Win32
		{DDDA6FAB-BDCF-49B8-AB69-3B27622C06D5}.Lib MD|Win32.Build.0 = Lib MD|Win32
		{DDDA6FAB-BDCF-49B8-AB69-3B27622C06D5}.Lib MDd|Win32.ActiveCfg = Lib MDd|Win32
		{DDDA6FAB-BDCF-49B8-AB69-3B27622C06D5}.Lib MDd|Win32.Build.0 = Lib MDd|Win32
		{DDDA6FAB-BDCF-49B8-AB69-3B27622C06D5}.Lib MDo H_AUTO|Win32.ActiveCfg = Lib MDo|Win32
		{DDDA6FAB-BDCF-49B8-AB69-3B27622C06D5}.Lib MDo H_AUTO|Win32.Build.0 = Lib MDo|Win32
		{DDDA6FAB-BDCF-49B8-AB69-3B27622C06D5}.Lib MDo|Win32.ActiveCfg = Lib MDo|Win32
		{DDDA6FAB-BDCF-49B8-AB69-3B27622C06D5}.Lib MDo|Win32.Build.0 = Lib MDo|Win32
		{DDDA6FAB-BDCF-49B8-AB69-3B27622C06D5}.Lib MT|Win32.ActiveCfg = Lib MT|Win32
		{DDDA6FAB-BDCF-49B8-AB69-3B27622C06D5}.Lib MT|Win32.Build.0 = Lib MT|Win32
		{DDDA6FAB-BDCF-49B8-AB69-3B27622C06D5}.Lib MTd|Win32.ActiveCfg = Lib MTd|Win32
		{DDDA6FAB-BDCF-49B8-AB69-3B27622C06D5}.Lib MTd|Win32.Build.0 = Lib MTd|Win32
		{DDDA6FAB-BDCF-49B8-AB69-3B27622C06D5}.Lib MTo|Win32.ActiveCfg = Lib MTo|Win32
		{DDDA6FAB-BDCF-49B8-AB69-3B27622C06D5}.Lib MTo|Win32.Build.0 = Lib MTo|Win32
		{4563CFB6-4E68-497D-BDD1-54E34BA3ABE9}.Lib MD H_AUTO|Win32.ActiveCfg = Lib MD|Win32
		{4563CFB6-4E68-497D-BDD1-54E34BA3ABE9}.Lib MD H_AUTO|Win32.Build.0 = Lib MD|Win32
		{4563CFB6-4E68-497D-BDD1-54E34BA3ABE9}.Lib MD|Win32.ActiveCfg = Lib MD|Win32
		{4563CFB6-4E68-497D-BDD1-54E34BA3ABE9}.Lib MD|Win32.Build.0 = Lib MD|Win32
		{4563CFB6-4E68-497D-BDD1-54E34BA3ABE9}.Lib MDd|Win32.ActiveCfg = Lib MDd|Win32
		{4563CFB6-4E68-497D-BDD1-54E34BA3ABE9}.Lib MDd|Win32.Build.0 = Lib MDd|Win32
		{4563CFB6-4E68-497D-BDD1-54E34BA3ABE9}.Lib MDo H_AUTO|Win32.ActiveCfg = Lib MDo|Win32
		{4563CFB6-4E68-497D-BDD1-54E34BA3ABE9}.Lib MDo H_AUTO|Win32.Build.0 = Lib MDo|Win32
		{4563CFB6-4E68-497D-BDD1-54E34BA3ABE9}.Lib MDo|Win32.ActiveCfg = Lib MDo|Win32
		{4563CFB6-4E68-497D-BDD1-54E34BA3ABE9}.Lib MDo|Win32.Build.0 = Lib MDo|Win32
		{4563CFB6-4E68-497D-BDD1-54E34BA3ABE9}.Lib MT|Win32.ActiveCfg = Lib MT|Win32
		{4563CFB6-4E68-497D-BDD1-54E34BA3ABE9}.Lib MT|Win32.Build.0 = Lib MT|Win32
		{4563CFB6-4E68-497D-BDD1-54E34BA3ABE9}.Lib MTd|Win32.ActiveCfg = Lib MTd|Win32
		{4563CFB6-4E68-497D-BDD1-54E34BA3ABE9}.Lib MTd|Win32.Build.0 = Lib MTd|Win32
		{4563CFB6-4E68-497D-BDD1-54E34BA3ABE9}.Lib MTo|Win32.ActiveCfg = Lib MTo|Win32
		{4563CFB6-4E68-497D-BDD1-54E34BA3ABE9}.Lib MTo|Win32.Build.0 = Lib MTo|Win32
		{E2A8A975-3ED3-4DF7-B835-86425FA5F0D4}.Lib MD H_AUTO|Win32.ActiveCfg = Lib MD|Win32
		{E2A8A975-3ED3-4DF7-B835-86425FA5F0D4}.Lib MD H_AUTO|Win32.Build.0 = Lib MD|Win32
		{E2A8A975-3ED3-4DF7-B835-86425FA5F0D4}.Lib MD|Win32.ActiveCfg = Lib MD|Win32
		{E2A8A975-3ED3-4DF7-B835-86425FA5F0D4}.Lib MD|Win32.Build.0 = Lib MD|Win32
		{E2A8A975-3ED3-4DF7-B835-86425FA5F0D4}.Lib MDd|Win32.ActiveCfg = Lib MDd|Win32
		{E2A8A975-3ED3-4DF7-B835-86425FA5F0D4}.Lib MDd|Win32.Build.0 = Lib MDd|Win32
		{E2A8A975-3ED3-4DF7-B835-86425FA5F0D4}.Lib MDo H_AUTO|Win32.ActiveCfg = Lib MDo H_AUTO|Win32
		{E2A8A975-3ED3-4DF7-B835-86425FA5F0D4}.Lib MDo H_AUTO|Win32.Build.0 = Lib MDo H_AUTO|Win32
		{E2A8A975-3ED3-4DF7-B835-86425FA5F0D4}.Lib MDo|Win32.ActiveCfg = Lib MDo|Win32
		{E2A8A975-3ED3-4DF7-B835-86425FA5F0D4}.Lib MDo|Win32.Build.0 = Lib MDo|Win32
		{E2A8A975-3ED3-4DF7-B835-86425FA5F0D4}.Lib MT|Win32.ActiveCfg = Lib MDo|Win32
		{E2A8A975-3ED3-4DF7-B835-86425FA5F0D4}.Lib MT|Win32.Build.0 = Lib MDo|Win32
		{E2A8A975-3ED3-4DF7-B835-86425FA5F0D4}.Lib MTd|Win32.ActiveCfg = Lib MDo|Win32
		{E2A8A975-3ED3-4DF7-B835-86425FA5F0D4}.Lib MTd|Win32.Build.0 = Lib MDo|Win32
		{E2A8A975-3ED3-4DF7-B835-86425FA5F0D4}.Lib MTo|Win32.ActiveCfg = Lib MDo|Win32
		{E2A8A975-3ED3-4DF7-B835-86425FA5F0D4}.Lib MTo|Win32.Build.0 = Lib MDo|Win32
		{150AC8A1-7A59-4C74-A239-22C547AD858B}.Lib MD H_AUTO|Win32.ActiveCfg = Lib MD|Win32
		{150AC8A1-7A59-4C74-A239-22C547AD858B}.Lib MD H_AUTO|Win32.Build.0 = Lib MD|Win32
		{150AC8A1-7A59-4C74-A239-22C547AD858B}.Lib MD|Win32.ActiveCfg = Lib MD|Win32
		{150AC8A1-7A59-4C74-A239-22C547AD858B}.Lib MD|Win32.Build.0 = Lib MD|Win32
		{150AC8A1-7A59-4C74-A239-22C547AD858B}.Lib MDd|Win32.ActiveCfg = Lib MDd|Win32
		{150AC8A1-7A59-4C74-A239-22C547AD858B}.Lib MDd|Win32.Build.0 = Lib MDd|Win32
		{150AC8A1-7A59-4C74-A239-22C547AD858B}.Lib MDo H_AUTO|Win32.ActiveCfg = Lib MDo H_AUTO|Win32
		{150AC8A1-7A59-4C74-A239-22C547AD858B}.Lib MDo H_AUTO|Win32.Build.0 = Lib MDo H_AUTO|Win32
		{150AC8A1-7A59-4C74-A239-22C547AD858B}.Lib MDo|Win32.ActiveCfg = Lib MDo|Win32
		{150AC8A1-7A59-4C74-A239-22C547AD858B}.Lib MDo|Win32.Build.0 = Lib MDo|Win32
		{150AC8A1-7A59-4C74-A239-22C547AD858B}.Lib MT|Win32.ActiveCfg = Lib MT|Win32
		{150AC8A1-7A59-4C74-A239-22C547AD858B}.Lib MT|Win32.Build.0 = Lib MT|Win32
		{150AC8A1-7A59-4C74-A239-22C547AD858B}.Lib MTd|Win32.ActiveCfg = Lib MTd|Win32
		{150AC8A1-7A59-4C74-A239-22C547AD858B}.Lib MTd|Win32.Build.0 = Lib MTd|Win32
		{150AC8A1-7A59-4C74-A239-22C547AD858B}.Lib MTo|Win32.ActiveCfg = Lib MTo|Win32
		{150AC8A1-7A59-4C74-A239-22C547AD858B}.Lib MTo|Win32.Build.0 = Lib MTo|Win32
	EndGlobalSection
	GlobalSection(SolutionProperties) = preSolution
		HideSolutionNode = FALSE
	EndGlobalSection
	GlobalSection(NestedProjects) = preSolution
		{3DA40F08-399B-40D5-9174-95B04A132D4F} = {AD29D0C0-F1A8-483A-8F4A-A0B9F6449C03}
		{8F658A02-E14E-4422-874E-99B1CE7820F3} = {954A4C5B-C701-4377-BC18-E9F16DF356BF}
		{12DA0B28-A231-491E-A5E7-E263687AD509} = {28A8C457-B004-4AE5-B12F-4A3EDE09EFB3}
		{77F61351-AD25-4FAF-9B3D-E9DF557011D7} = {4D2A5120-225A-464A-9FCC-152282F8FC9D}
		{B70E3B9F-702A-4081-B800-0561AE064326} = {4D2A5120-225A-464A-9FCC-152282F8FC9D}
		{74234FEF-2DE8-48C6-8D67-5A09C310CDDA} = {FE4890A5-3E83-47B1-8F86-AF7595B1BE75}
		{8E09B995-8A1E-46D9-A251-B15E1577343A} = {FE4890A5-3E83-47B1-8F86-AF7595B1BE75}
		{DBDB5D35-9E76-49A7-A150-067EAF6FAD7D} = {FC5331DC-D99D-499E-809E-EEE2238E243E}
		{8B719F13-560A-4B53-8E24-4BEC97FAD755} = {95ECE721-E1A7-4ACD-9555-0FAA5912E4E3}
		{E182B234-7F2C-419C-94C4-6041847727A7} = {2994A691-9BE4-42D4-A25B-3A6A365B7A29}
		{D5788965-2843-48F8-A940-699CDCE94A40} = {9FD87A1B-2BA8-4270-8CED-25D28E176409}
		{DE46DDCC-66ED-4713-98E1-629F66E191F5} = {4D2A5120-225A-464A-9FCC-152282F8FC9D}
		{1DDFCBB7-ED72-4BE1-AD77-66CACF455176} = {69C2A64F-5FC2-4032-9857-AC79B8BB2EA9}
		{DDDA6FAB-BDCF-49B8-AB69-3B27622C06D5} = {4D2A5120-225A-464A-9FCC-152282F8FC9D}
		{4563CFB6-4E68-497D-BDD1-54E34BA3ABE9} = {4D2A5120-225A-464A-9FCC-152282F8FC9D}
		{E2A8A975-3ED3-4DF7-B835-86425FA5F0D4} = {77F19D06-536C-407E-8891-2941CA163B79}
		{150AC8A1-7A59-4C74-A239-22C547AD858B} = {4D2A5120-225A-464A-9FCC-152282F8FC9D}
	EndGlobalSection
	GlobalSection(ExtensibilityGlobals) = postSolution
		SolutionGuid = {FE7B58E8-FCBE-4E0D-BFDE-BB805E6EB14E}
	EndGlobalSection
	GlobalSection(DPCodeReviewSolutionGUID) = preSolution
		DPCodeReviewSolutionGUID = {00000000-0000-0000-0000-000000000000}
	EndGlobalSection
	GlobalSection(DPCodeReviewSolutionGUID) = preSolution
		DPCodeReviewSolutionGUID = {00000000-0000-0000-0000-000000000000}
	EndGlobalSection
	GlobalSection(DPCodeReviewSolutionGUID) = preSolution
		DPCodeReviewSolutionGUID = {00000000-0000-0000-0000-000000000000}
	EndGlobalSection
	GlobalSection(DPCodeReviewSolutionGUID) = preSolution
		DPCodeReviewSolutionGUID = {00000000-0000-0000-0000-000000000000}
	EndGlobalSection
	GlobalSection(DPCodeReviewSolutionGUID) = preSolution
		DPCodeReviewSolutionGUID = {00000000-0000-0000-0000-000000000000}
	EndGlobalSection
	GlobalSection(DPCodeReviewSolutionGUID) = preSolution
		DPCodeReviewSolutionGUID = {00000000-0000-0000-0000-000000000000}
	EndGlobalSection
EndGlobal
