
Microsoft Visual Studio Solution File, Format Version 12.00
# Visual Studio Version 16
VisualStudioVersion = 16.0.29306.81
MinimumVisualStudioVersion = 10.0.40219.1
Project("{2150E333-8FDC-42A3-9474-1A3956D46DE8}") = "Freedom", "Freedom", "{0E707D42-CE8F-4F99-BAB6-88B5E02EBCD0}"
EndProject
Project("{2150E333-8FDC-42A3-9474-1A3956D46DE8}") = "Weapon", "Weapon", "{1AF0DE78-8DC8-4D55-AD8A-E5FCC8EA1BE7}"
EndProject
Project("{8BC9CEB8-8B4A-11D0-8D11-00A0C91BC942}") = "Lohengrin", "Archangel\Weapons\Lohengrin\Lohengrin.vcxproj", "{77F61351-AD25-4FAF-9B3D-E9DF557011D7}"
EndProject
Project("{8BC9CEB8-8B4A-11D0-8D11-00A0C91BC942}") = "Variant", "Archangel\Weapons\Variant\Variant.vcxproj", "{B70E3B9F-702A-4081-B800-0561AE064326}"
EndProject
Project("{8BC9CEB8-8B4A-11D0-8D11-00A0C91BC942}") = "Dragonica", "freedom\MobileSuit\mobilesuit.vcxproj", "{2CD41BDE-C5CD-4417-A560-EEF97EE2F734}"
EndProject
Project("{8BC9CEB8-8B4A-11D0-8D11-00A0C91BC942}") = "Collins", "Archangel\Weapons\Collins\Collins.vcxproj", "{DE46DDCC-66ED-4713-98E1-629F66E191F5}"
EndProject
Project("{8BC9CEB8-8B4A-11D0-8D11-00A0C91BC942}") = "XUI", "Archangel\Weapons\XUI\XUI.vcxproj", "{51E41DCB-7808-431C-AB3B-AA2B1D432680}"
EndProject
Global
	GlobalSection(SolutionConfigurationPlatforms) = preSolution
		Debug DLL|Win32 = Debug DLL|Win32
		Debug|Win32 = Debug|Win32
		Dragonica_INB_Adept|Win32 = Dragonica_INB_Adept|Win32
		Dragonica_INB_America|Win32 = Dragonica_INB_America|Win32
		Dragonica_INB_G|Win32 = Dragonica_INB_G|Win32
		Dragonica_INB_H_AUTO|Win32 = Dragonica_INB_H_AUTO|Win32
		Dragonica_INB_H_UNAUTO|Win32 = Dragonica_INB_H_UNAUTO|Win32
		Dragonica_INB_Korea|Win32 = Dragonica_INB_Korea|Win32
		Dragonica_INB|Win32 = Dragonica_INB|Win32
		ExternalRelease_America|Win32 = ExternalRelease_America|Win32
		ExternalRelease_G|Win32 = ExternalRelease_G|Win32
		ExternalRelease_H_AUTO|Win32 = ExternalRelease_H_AUTO|Win32
		ExternalRelease_H_UNAUTO|Win32 = ExternalRelease_H_UNAUTO|Win32
		ExternalRelease_Korea|Win32 = ExternalRelease_Korea|Win32
		ExternalRelease|Win32 = ExternalRelease|Win32
		Lib MD|Win32 = Lib MD|Win32
		Lib MDd|Win32 = Lib MDd|Win32
		Lib MDo AH|Win32 = Lib MDo AH|Win32
		Lib MDo|Win32 = Lib MDo|Win32
		Lib MT|Win32 = Lib MT|Win32
		Lib MTd|Win32 = Lib MTd|Win32
		Lib MTo AH|Win32 = Lib MTo AH|Win32
		Lib MTo|Win32 = Lib MTo|Win32
		Release DLL|Win32 = Release DLL|Win32
		Release|Win32 = Release|Win32
		ReleaseMT|Win32 = ReleaseMT|Win32
		Shipping DLL|Win32 = Shipping DLL|Win32
		Shipping|Win32 = Shipping|Win32
	EndGlobalSection
	GlobalSection(ProjectConfigurationPlatforms) = postSolution
		{77F61351-AD25-4FAF-9B3D-E9DF557011D7}.Debug DLL|Win32.ActiveCfg = Lib MTd|Win32
		{77F61351-AD25-4FAF-9B3D-E9DF557011D7}.Debug DLL|Win32.Build.0 = Lib MTd|Win32
		{77F61351-AD25-4FAF-9B3D-E9DF557011D7}.Debug|Win32.ActiveCfg = Lib MDd|Win32
		{77F61351-AD25-4FAF-9B3D-E9DF557011D7}.Debug|Win32.Build.0 = Lib MDd|Win32
		{77F61351-AD25-4FAF-9B3D-E9DF557011D7}.Dragonica_INB_Adept|Win32.ActiveCfg = Lib MTo|Win32
		{77F61351-AD25-4FAF-9B3D-E9DF557011D7}.Dragonica_INB_Adept|Win32.Build.0 = Lib MTo|Win32
		{77F61351-AD25-4FAF-9B3D-E9DF557011D7}.Dragonica_INB_America|Win32.ActiveCfg = Lib MDo|Win32
		{77F61351-AD25-4FAF-9B3D-E9DF557011D7}.Dragonica_INB_America|Win32.Build.0 = Lib MDo|Win32
		{77F61351-AD25-4FAF-9B3D-E9DF557011D7}.Dragonica_INB_G|Win32.ActiveCfg = Lib MDo|Win32
		{77F61351-AD25-4FAF-9B3D-E9DF557011D7}.Dragonica_INB_G|Win32.Build.0 = Lib MDo|Win32
		{77F61351-AD25-4FAF-9B3D-E9DF557011D7}.Dragonica_INB_H_AUTO|Win32.ActiveCfg = Lib MDo|Win32
		{77F61351-AD25-4FAF-9B3D-E9DF557011D7}.Dragonica_INB_H_AUTO|Win32.Build.0 = Lib MDo|Win32
		{77F61351-AD25-4FAF-9B3D-E9DF557011D7}.Dragonica_INB_H_UNAUTO|Win32.ActiveCfg = Lib MDo|Win32
		{77F61351-AD25-4FAF-9B3D-E9DF557011D7}.Dragonica_INB_H_UNAUTO|Win32.Build.0 = Lib MDo|Win32
		{77F61351-AD25-4FAF-9B3D-E9DF557011D7}.Dragonica_INB_Korea|Win32.ActiveCfg = Lib MDo|Win32
		{77F61351-AD25-4FAF-9B3D-E9DF557011D7}.Dragonica_INB_Korea|Win32.Build.0 = Lib MDo|Win32
		{77F61351-AD25-4FAF-9B3D-E9DF557011D7}.Dragonica_INB|Win32.ActiveCfg = Lib MDo|Win32
		{77F61351-AD25-4FAF-9B3D-E9DF557011D7}.Dragonica_INB|Win32.Build.0 = Lib MDo|Win32
		{77F61351-AD25-4FAF-9B3D-E9DF557011D7}.ExternalRelease_America|Win32.ActiveCfg = Lib MDo|Win32
		{77F61351-AD25-4FAF-9B3D-E9DF557011D7}.ExternalRelease_America|Win32.Build.0 = Lib MDo|Win32
		{77F61351-AD25-4FAF-9B3D-E9DF557011D7}.ExternalRelease_G|Win32.ActiveCfg = Lib MDo|Win32
		{77F61351-AD25-4FAF-9B3D-E9DF557011D7}.ExternalRelease_G|Win32.Build.0 = Lib MDo|Win32
		{77F61351-AD25-4FAF-9B3D-E9DF557011D7}.ExternalRelease_H_AUTO|Win32.ActiveCfg = Lib MDo|Win32
		{77F61351-AD25-4FAF-9B3D-E9DF557011D7}.ExternalRelease_H_AUTO|Win32.Build.0 = Lib MDo|Win32
		{77F61351-AD25-4FAF-9B3D-E9DF557011D7}.ExternalRelease_H_UNAUTO|Win32.ActiveCfg = Lib MDo|Win32
		{77F61351-AD25-4FAF-9B3D-E9DF557011D7}.ExternalRelease_H_UNAUTO|Win32.Build.0 = Lib MDo|Win32
		{77F61351-AD25-4FAF-9B3D-E9DF557011D7}.ExternalRelease_Korea|Win32.ActiveCfg = Lib MDo|Win32
		{77F61351-AD25-4FAF-9B3D-E9DF557011D7}.ExternalRelease_Korea|Win32.Build.0 = Lib MDo|Win32
		{77F61351-AD25-4FAF-9B3D-E9DF557011D7}.ExternalRelease|Win32.ActiveCfg = Lib MDo|Win32
		{77F61351-AD25-4FAF-9B3D-E9DF557011D7}.ExternalRelease|Win32.Build.0 = Lib MDo|Win32
		{77F61351-AD25-4FAF-9B3D-E9DF557011D7}.Lib MD|Win32.ActiveCfg = Lib MD|Win32
		{77F61351-AD25-4FAF-9B3D-E9DF557011D7}.Lib MD|Win32.Build.0 = Lib MD|Win32
		{77F61351-AD25-4FAF-9B3D-E9DF557011D7}.Lib MDd|Win32.ActiveCfg = Lib MDd|Win32
		{77F61351-AD25-4FAF-9B3D-E9DF557011D7}.Lib MDd|Win32.Build.0 = Lib MDd|Win32
		{77F61351-AD25-4FAF-9B3D-E9DF557011D7}.Lib MDo AH|Win32.ActiveCfg = Lib MDo H_AUTO|Win32
		{77F61351-AD25-4FAF-9B3D-E9DF557011D7}.Lib MDo AH|Win32.Build.0 = Lib MDo H_AUTO|Win32
		{77F61351-AD25-4FAF-9B3D-E9DF557011D7}.Lib MDo|Win32.ActiveCfg = Lib MDo|Win32
		{77F61351-AD25-4FAF-9B3D-E9DF557011D7}.Lib MDo|Win32.Build.0 = Lib MDo|Win32
		{77F61351-AD25-4FAF-9B3D-E9DF557011D7}.Lib MT|Win32.ActiveCfg = Lib MT|Win32
		{77F61351-AD25-4FAF-9B3D-E9DF557011D7}.Lib MT|Win32.Build.0 = Lib MT|Win32
		{77F61351-AD25-4FAF-9B3D-E9DF557011D7}.Lib MTd|Win32.ActiveCfg = Lib MTd|Win32
		{77F61351-AD25-4FAF-9B3D-E9DF557011D7}.Lib MTd|Win32.Build.0 = Lib MTd|Win32
		{77F61351-AD25-4FAF-9B3D-E9DF557011D7}.Lib MTo AH|Win32.ActiveCfg = Lib MTo|Win32
		{77F61351-AD25-4FAF-9B3D-E9DF557011D7}.Lib MTo AH|Win32.Build.0 = Lib MTo|Win32
		{77F61351-AD25-4FAF-9B3D-E9DF557011D7}.Lib MTo|Win32.ActiveCfg = Lib MTo|Win32
		{77F61351-AD25-4FAF-9B3D-E9DF557011D7}.Lib MTo|Win32.Build.0 = Lib MTo|Win32
		{77F61351-AD25-4FAF-9B3D-E9DF557011D7}.Release DLL|Win32.ActiveCfg = Lib MTd|Win32
		{77F61351-AD25-4FAF-9B3D-E9DF557011D7}.Release DLL|Win32.Build.0 = Lib MTd|Win32
		{77F61351-AD25-4FAF-9B3D-E9DF557011D7}.Release|Win32.ActiveCfg = Lib MD|Win32
		{77F61351-AD25-4FAF-9B3D-E9DF557011D7}.Release|Win32.Build.0 = Lib MD|Win32
		{77F61351-AD25-4FAF-9B3D-E9DF557011D7}.ReleaseMT|Win32.ActiveCfg = Lib MTd|Win32
		{77F61351-AD25-4FAF-9B3D-E9DF557011D7}.ReleaseMT|Win32.Build.0 = Lib MTd|Win32
		{77F61351-AD25-4FAF-9B3D-E9DF557011D7}.Shipping DLL|Win32.ActiveCfg = Lib MTd|Win32
		{77F61351-AD25-4FAF-9B3D-E9DF557011D7}.Shipping DLL|Win32.Build.0 = Lib MTd|Win32
		{77F61351-AD25-4FAF-9B3D-E9DF557011D7}.Shipping|Win32.ActiveCfg = Lib MTd|Win32
		{77F61351-AD25-4FAF-9B3D-E9DF557011D7}.Shipping|Win32.Build.0 = Lib MTd|Win32
		{B70E3B9F-702A-4081-B800-0561AE064326}.Debug DLL|Win32.ActiveCfg = Lib MTd|Win32
		{B70E3B9F-702A-4081-B800-0561AE064326}.Debug DLL|Win32.Build.0 = Lib MTd|Win32
		{B70E3B9F-702A-4081-B800-0561AE064326}.Debug|Win32.ActiveCfg = Lib MDd|Win32
		{B70E3B9F-702A-4081-B800-0561AE064326}.Debug|Win32.Build.0 = Lib MDd|Win32
		{B70E3B9F-702A-4081-B800-0561AE064326}.Dragonica_INB_Adept|Win32.ActiveCfg = Lib MTo|Win32
		{B70E3B9F-702A-4081-B800-0561AE064326}.Dragonica_INB_Adept|Win32.Build.0 = Lib MTo|Win32
		{B70E3B9F-702A-4081-B800-0561AE064326}.Dragonica_INB_America|Win32.ActiveCfg = Lib MDo|Win32
		{B70E3B9F-702A-4081-B800-0561AE064326}.Dragonica_INB_America|Win32.Build.0 = Lib MDo|Win32
		{B70E3B9F-702A-4081-B800-0561AE064326}.Dragonica_INB_G|Win32.ActiveCfg = Lib MDo|Win32
		{B70E3B9F-702A-4081-B800-0561AE064326}.Dragonica_INB_G|Win32.Build.0 = Lib MDo|Win32
		{B70E3B9F-702A-4081-B800-0561AE064326}.Dragonica_INB_H_AUTO|Win32.ActiveCfg = Lib MDo|Win32
		{B70E3B9F-702A-4081-B800-0561AE064326}.Dragonica_INB_H_AUTO|Win32.Build.0 = Lib MDo|Win32
		{B70E3B9F-702A-4081-B800-0561AE064326}.Dragonica_INB_H_UNAUTO|Win32.ActiveCfg = Lib MDo|Win32
		{B70E3B9F-702A-4081-B800-0561AE064326}.Dragonica_INB_H_UNAUTO|Win32.Build.0 = Lib MDo|Win32
		{B70E3B9F-702A-4081-B800-0561AE064326}.Dragonica_INB_Korea|Win32.ActiveCfg = Lib MDo|Win32
		{B70E3B9F-702A-4081-B800-0561AE064326}.Dragonica_INB_Korea|Win32.Build.0 = Lib MDo|Win32
		{B70E3B9F-702A-4081-B800-0561AE064326}.Dragonica_INB|Win32.ActiveCfg = Lib MDo|Win32
		{B70E3B9F-702A-4081-B800-0561AE064326}.Dragonica_INB|Win32.Build.0 = Lib MDo|Win32
		{B70E3B9F-702A-4081-B800-0561AE064326}.ExternalRelease_America|Win32.ActiveCfg = Lib MDo|Win32
		{B70E3B9F-702A-4081-B800-0561AE064326}.ExternalRelease_America|Win32.Build.0 = Lib MDo|Win32
		{B70E3B9F-702A-4081-B800-0561AE064326}.ExternalRelease_G|Win32.ActiveCfg = Lib MDo|Win32
		{B70E3B9F-702A-4081-B800-0561AE064326}.ExternalRelease_G|Win32.Build.0 = Lib MDo|Win32
		{B70E3B9F-702A-4081-B800-0561AE064326}.ExternalRelease_H_AUTO|Win32.ActiveCfg = Lib MDo|Win32
		{B70E3B9F-702A-4081-B800-0561AE064326}.ExternalRelease_H_AUTO|Win32.Build.0 = Lib MDo|Win32
		{B70E3B9F-702A-4081-B800-0561AE064326}.ExternalRelease_H_UNAUTO|Win32.ActiveCfg = Lib MDo|Win32
		{B70E3B9F-702A-4081-B800-0561AE064326}.ExternalRelease_H_UNAUTO|Win32.Build.0 = Lib MDo|Win32
		{B70E3B9F-702A-4081-B800-0561AE064326}.ExternalRelease_Korea|Win32.ActiveCfg = Lib MDo|Win32
		{B70E3B9F-702A-4081-B800-0561AE064326}.ExternalRelease_Korea|Win32.Build.0 = Lib MDo|Win32
		{B70E3B9F-702A-4081-B800-0561AE064326}.ExternalRelease|Win32.ActiveCfg = Lib MDo|Win32
		{B70E3B9F-702A-4081-B800-0561AE064326}.ExternalRelease|Win32.Build.0 = Lib MDo|Win32
		{B70E3B9F-702A-4081-B800-0561AE064326}.Lib MD|Win32.ActiveCfg = Lib MD|Win32
		{B70E3B9F-702A-4081-B800-0561AE064326}.Lib MD|Win32.Build.0 = Lib MD|Win32
		{B70E3B9F-702A-4081-B800-0561AE064326}.Lib MDd|Win32.ActiveCfg = Lib MDd|Win32
		{B70E3B9F-702A-4081-B800-0561AE064326}.Lib MDd|Win32.Build.0 = Lib MDd|Win32
		{B70E3B9F-702A-4081-B800-0561AE064326}.Lib MDo AH|Win32.ActiveCfg = Lib MDo H_AUTO|Win32
		{B70E3B9F-702A-4081-B800-0561AE064326}.Lib MDo AH|Win32.Build.0 = Lib MDo H_AUTO|Win32
		{B70E3B9F-702A-4081-B800-0561AE064326}.Lib MDo|Win32.ActiveCfg = Lib MDo|Win32
		{B70E3B9F-702A-4081-B800-0561AE064326}.Lib MDo|Win32.Build.0 = Lib MDo|Win32
		{B70E3B9F-702A-4081-B800-0561AE064326}.Lib MT|Win32.ActiveCfg = Lib MT|Win32
		{B70E3B9F-702A-4081-B800-0561AE064326}.Lib MT|Win32.Build.0 = Lib MT|Win32
		{B70E3B9F-702A-4081-B800-0561AE064326}.Lib MTd|Win32.ActiveCfg = Lib MTd|Win32
		{B70E3B9F-702A-4081-B800-0561AE064326}.Lib MTd|Win32.Build.0 = Lib MTd|Win32
		{B70E3B9F-702A-4081-B800-0561AE064326}.Lib MTo AH|Win32.ActiveCfg = Lib MTo|Win32
		{B70E3B9F-702A-4081-B800-0561AE064326}.Lib MTo AH|Win32.Build.0 = Lib MTo|Win32
		{B70E3B9F-702A-4081-B800-0561AE064326}.Lib MTo|Win32.ActiveCfg = Lib MTo|Win32
		{B70E3B9F-702A-4081-B800-0561AE064326}.Lib MTo|Win32.Build.0 = Lib MTo|Win32
		{B70E3B9F-702A-4081-B800-0561AE064326}.Release DLL|Win32.ActiveCfg = Lib MTd|Win32
		{B70E3B9F-702A-4081-B800-0561AE064326}.Release DLL|Win32.Build.0 = Lib MTd|Win32
		{B70E3B9F-702A-4081-B800-0561AE064326}.Release|Win32.ActiveCfg = Lib MD|Win32
		{B70E3B9F-702A-4081-B800-0561AE064326}.Release|Win32.Build.0 = Lib MD|Win32
		{B70E3B9F-702A-4081-B800-0561AE064326}.ReleaseMT|Win32.ActiveCfg = Lib MTd|Win32
		{B70E3B9F-702A-4081-B800-0561AE064326}.ReleaseMT|Win32.Build.0 = Lib MTd|Win32
		{B70E3B9F-702A-4081-B800-0561AE064326}.Shipping DLL|Win32.ActiveCfg = Lib MTd|Win32
		{B70E3B9F-702A-4081-B800-0561AE064326}.Shipping DLL|Win32.Build.0 = Lib MTd|Win32
		{B70E3B9F-702A-4081-B800-0561AE064326}.Shipping|Win32.ActiveCfg = Lib MTd|Win32
		{B70E3B9F-702A-4081-B800-0561AE064326}.Shipping|Win32.Build.0 = Lib MTd|Win32
		{2CD41BDE-C5CD-4417-A560-EEF97EE2F734}.Debug DLL|Win32.ActiveCfg = Debug|Win32
		{2CD41BDE-C5CD-4417-A560-EEF97EE2F734}.Debug DLL|Win32.Build.0 = Debug|Win32
		{2CD41BDE-C5CD-4417-A560-EEF97EE2F734}.Debug|Win32.ActiveCfg = Debug|Win32
		{2CD41BDE-C5CD-4417-A560-EEF97EE2F734}.Debug|Win32.Build.0 = Debug|Win32
		{2CD41BDE-C5CD-4417-A560-EEF97EE2F734}.Dragonica_INB_Adept|Win32.ActiveCfg = Dragonica_INB_Adept|Win32
		{2CD41BDE-C5CD-4417-A560-EEF97EE2F734}.Dragonica_INB_Adept|Win32.Build.0 = Dragonica_INB_Adept|Win32
		{2CD41BDE-C5CD-4417-A560-EEF97EE2F734}.Dragonica_INB_America|Win32.ActiveCfg = Dragonica_INB_America|Win32
		{2CD41BDE-C5CD-4417-A560-EEF97EE2F734}.Dragonica_INB_America|Win32.Build.0 = Dragonica_INB_America|Win32
		{2CD41BDE-C5CD-4417-A560-EEF97EE2F734}.Dragonica_INB_G|Win32.ActiveCfg = Dragonica_INB_G|Win32
		{2CD41BDE-C5CD-4417-A560-EEF97EE2F734}.Dragonica_INB_G|Win32.Build.0 = Dragonica_INB_G|Win32
		{2CD41BDE-C5CD-4417-A560-EEF97EE2F734}.Dragonica_INB_H_AUTO|Win32.ActiveCfg = Dragonica_INB_H_AUTO|Win32
		{2CD41BDE-C5CD-4417-A560-EEF97EE2F734}.Dragonica_INB_H_AUTO|Win32.Build.0 = Dragonica_INB_H_AUTO|Win32
		{2CD41BDE-C5CD-4417-A560-EEF97EE2F734}.Dragonica_INB_H_UNAUTO|Win32.ActiveCfg = Dragonica_INB_H_UNAUTO|Win32
		{2CD41BDE-C5CD-4417-A560-EEF97EE2F734}.Dragonica_INB_H_UNAUTO|Win32.Build.0 = Dragonica_INB_H_UNAUTO|Win32
		{2CD41BDE-C5CD-4417-A560-EEF97EE2F734}.Dragonica_INB_Korea|Win32.ActiveCfg = Dragonica_INB_Korea|Win32
		{2CD41BDE-C5CD-4417-A560-EEF97EE2F734}.Dragonica_INB_Korea|Win32.Build.0 = Dragonica_INB_Korea|Win32
		{2CD41BDE-C5CD-4417-A560-EEF97EE2F734}.Dragonica_INB|Win32.ActiveCfg = Dragonica_INB|Win32
		{2CD41BDE-C5CD-4417-A560-EEF97EE2F734}.Dragonica_INB|Win32.Build.0 = Dragonica_INB|Win32
		{2CD41BDE-C5CD-4417-A560-EEF97EE2F734}.ExternalRelease_America|Win32.ActiveCfg = ExternalRelease_America|Win32
		{2CD41BDE-C5CD-4417-A560-EEF97EE2F734}.ExternalRelease_America|Win32.Build.0 = ExternalRelease_America|Win32
		{2CD41BDE-C5CD-4417-A560-EEF97EE2F734}.ExternalRelease_G|Win32.ActiveCfg = ExternalRelease_G|Win32
		{2CD41BDE-C5CD-4417-A560-EEF97EE2F734}.ExternalRelease_G|Win32.Build.0 = ExternalRelease_G|Win32
		{2CD41BDE-C5CD-4417-A560-EEF97EE2F734}.ExternalRelease_H_AUTO|Win32.ActiveCfg = ExternalRelease_H_AUTO|Win32
		{2CD41BDE-C5CD-4417-A560-EEF97EE2F734}.ExternalRelease_H_AUTO|Win32.Build.0 = ExternalRelease_H_AUTO|Win32
		{2CD41BDE-C5CD-4417-A560-EEF97EE2F734}.ExternalRelease_H_UNAUTO|Win32.ActiveCfg = ExternalRelease_H_UNAUTO|Win32
		{2CD41BDE-C5CD-4417-A560-EEF97EE2F734}.ExternalRelease_H_UNAUTO|Win32.Build.0 = ExternalRelease_H_UNAUTO|Win32
		{2CD41BDE-C5CD-4417-A560-EEF97EE2F734}.ExternalRelease_Korea|Win32.ActiveCfg = ExternalRelease_Korea|Win32
		{2CD41BDE-C5CD-4417-A560-EEF97EE2F734}.ExternalRelease_Korea|Win32.Build.0 = ExternalRelease_Korea|Win32
		{2CD41BDE-C5CD-4417-A560-EEF97EE2F734}.ExternalRelease|Win32.ActiveCfg = ExternalRelease|Win32
		{2CD41BDE-C5CD-4417-A560-EEF97EE2F734}.ExternalRelease|Win32.Build.0 = ExternalRelease|Win32
		{2CD41BDE-C5CD-4417-A560-EEF97EE2F734}.Lib MD|Win32.ActiveCfg = Dragonica_INB_America|Win32
		{2CD41BDE-C5CD-4417-A560-EEF97EE2F734}.Lib MD|Win32.Build.0 = Dragonica_INB_America|Win32
		{2CD41BDE-C5CD-4417-A560-EEF97EE2F734}.Lib MDd|Win32.ActiveCfg = Dragonica_INB_America|Win32
		{2CD41BDE-C5CD-4417-A560-EEF97EE2F734}.Lib MDd|Win32.Build.0 = Dragonica_INB_America|Win32
		{2CD41BDE-C5CD-4417-A560-EEF97EE2F734}.Lib MDo AH|Win32.ActiveCfg = Dragonica_INB_America|Win32
		{2CD41BDE-C5CD-4417-A560-EEF97EE2F734}.Lib MDo AH|Win32.Build.0 = Dragonica_INB_America|Win32
		{2CD41BDE-C5CD-4417-A560-EEF97EE2F734}.Lib MDo|Win32.ActiveCfg = Dragonica_INB_America|Win32
		{2CD41BDE-C5CD-4417-A560-EEF97EE2F734}.Lib MDo|Win32.Build.0 = Dragonica_INB_America|Win32
		{2CD41BDE-C5CD-4417-A560-EEF97EE2F734}.Lib MT|Win32.ActiveCfg = Dragonica_INB_America|Win32
		{2CD41BDE-C5CD-4417-A560-EEF97EE2F734}.Lib MT|Win32.Build.0 = Dragonica_INB_America|Win32
		{2CD41BDE-C5CD-4417-A560-EEF97EE2F734}.Lib MTd|Win32.ActiveCfg = Dragonica_INB_America|Win32
		{2CD41BDE-C5CD-4417-A560-EEF97EE2F734}.Lib MTd|Win32.Build.0 = Dragonica_INB_America|Win32
		{2CD41BDE-C5CD-4417-A560-EEF97EE2F734}.Lib MTo AH|Win32.ActiveCfg = Dragonica_INB_America|Win32
		{2CD41BDE-C5CD-4417-A560-EEF97EE2F734}.Lib MTo AH|Win32.Build.0 = Dragonica_INB_America|Win32
		{2CD41BDE-C5CD-4417-A560-EEF97EE2F734}.Lib MTo|Win32.ActiveCfg = Dragonica_INB_America|Win32
		{2CD41BDE-C5CD-4417-A560-EEF97EE2F734}.Lib MTo|Win32.Build.0 = Dragonica_INB_America|Win32
		{2CD41BDE-C5CD-4417-A560-EEF97EE2F734}.Release DLL|Win32.ActiveCfg = Release|Win32
		{2CD41BDE-C5CD-4417-A560-EEF97EE2F734}.Release DLL|Win32.Build.0 = Release|Win32
		{2CD41BDE-C5CD-4417-A560-EEF97EE2F734}.Release|Win32.ActiveCfg = Release|Win32
		{2CD41BDE-C5CD-4417-A560-EEF97EE2F734}.Release|Win32.Build.0 = Release|Win32
		{2CD41BDE-C5CD-4417-A560-EEF97EE2F734}.ReleaseMT|Win32.ActiveCfg = Release|Win32
		{2CD41BDE-C5CD-4417-A560-EEF97EE2F734}.ReleaseMT|Win32.Build.0 = Release|Win32
		{2CD41BDE-C5CD-4417-A560-EEF97EE2F734}.Shipping DLL|Win32.ActiveCfg = Dragonica_INB|Win32
		{2CD41BDE-C5CD-4417-A560-EEF97EE2F734}.Shipping DLL|Win32.Build.0 = Dragonica_INB|Win32
		{2CD41BDE-C5CD-4417-A560-EEF97EE2F734}.Shipping|Win32.ActiveCfg = Dragonica_INB|Win32
		{2CD41BDE-C5CD-4417-A560-EEF97EE2F734}.Shipping|Win32.Build.0 = Dragonica_INB|Win32
		{DE46DDCC-66ED-4713-98E1-629F66E191F5}.Debug DLL|Win32.ActiveCfg = Lib MTd|Win32
		{DE46DDCC-66ED-4713-98E1-629F66E191F5}.Debug DLL|Win32.Build.0 = Lib MTd|Win32
		{DE46DDCC-66ED-4713-98E1-629F66E191F5}.Debug|Win32.ActiveCfg = Lib MDd|Win32
		{DE46DDCC-66ED-4713-98E1-629F66E191F5}.Debug|Win32.Build.0 = Lib MDd|Win32
		{DE46DDCC-66ED-4713-98E1-629F66E191F5}.Dragonica_INB_Adept|Win32.ActiveCfg = Lib MTo|Win32
		{DE46DDCC-66ED-4713-98E1-629F66E191F5}.Dragonica_INB_Adept|Win32.Build.0 = Lib MTo|Win32
		{DE46DDCC-66ED-4713-98E1-629F66E191F5}.Dragonica_INB_America|Win32.ActiveCfg = Lib MDo|Win32
		{DE46DDCC-66ED-4713-98E1-629F66E191F5}.Dragonica_INB_America|Win32.Build.0 = Lib MDo|Win32
		{DE46DDCC-66ED-4713-98E1-629F66E191F5}.Dragonica_INB_G|Win32.ActiveCfg = Lib MDo|Win32
		{DE46DDCC-66ED-4713-98E1-629F66E191F5}.Dragonica_INB_G|Win32.Build.0 = Lib MDo|Win32
		{DE46DDCC-66ED-4713-98E1-629F66E191F5}.Dragonica_INB_H_AUTO|Win32.ActiveCfg = Lib MDo|Win32
		{DE46DDCC-66ED-4713-98E1-629F66E191F5}.Dragonica_INB_H_AUTO|Win32.Build.0 = Lib MDo|Win32
		{DE46DDCC-66ED-4713-98E1-629F66E191F5}.Dragonica_INB_H_UNAUTO|Win32.ActiveCfg = Lib MDo|Win32
		{DE46DDCC-66ED-4713-98E1-629F66E191F5}.Dragonica_INB_H_UNAUTO|Win32.Build.0 = Lib MDo|Win32
		{DE46DDCC-66ED-4713-98E1-629F66E191F5}.Dragonica_INB_Korea|Win32.ActiveCfg = Lib MDo|Win32
		{DE46DDCC-66ED-4713-98E1-629F66E191F5}.Dragonica_INB_Korea|Win32.Build.0 = Lib MDo|Win32
		{DE46DDCC-66ED-4713-98E1-629F66E191F5}.Dragonica_INB|Win32.ActiveCfg = Lib MDo|Win32
		{DE46DDCC-66ED-4713-98E1-629F66E191F5}.Dragonica_INB|Win32.Build.0 = Lib MDo|Win32
		{DE46DDCC-66ED-4713-98E1-629F66E191F5}.ExternalRelease_America|Win32.ActiveCfg = Lib MDo|Win32
		{DE46DDCC-66ED-4713-98E1-629F66E191F5}.ExternalRelease_America|Win32.Build.0 = Lib MDo|Win32
		{DE46DDCC-66ED-4713-98E1-629F66E191F5}.ExternalRelease_G|Win32.ActiveCfg = Lib MDo|Win32
		{DE46DDCC-66ED-4713-98E1-629F66E191F5}.ExternalRelease_G|Win32.Build.0 = Lib MDo|Win32
		{DE46DDCC-66ED-4713-98E1-629F66E191F5}.ExternalRelease_H_AUTO|Win32.ActiveCfg = Lib MDo|Win32
		{DE46DDCC-66ED-4713-98E1-629F66E191F5}.ExternalRelease_H_AUTO|Win32.Build.0 = Lib MDo|Win32
		{DE46DDCC-66ED-4713-98E1-629F66E191F5}.ExternalRelease_H_UNAUTO|Win32.ActiveCfg = Lib MDo|Win32
		{DE46DDCC-66ED-4713-98E1-629F66E191F5}.ExternalRelease_H_UNAUTO|Win32.Build.0 = Lib MDo|Win32
		{DE46DDCC-66ED-4713-98E1-629F66E191F5}.ExternalRelease_Korea|Win32.ActiveCfg = Lib MDo|Win32
		{DE46DDCC-66ED-4713-98E1-629F66E191F5}.ExternalRelease_Korea|Win32.Build.0 = Lib MDo|Win32
		{DE46DDCC-66ED-4713-98E1-629F66E191F5}.ExternalRelease|Win32.ActiveCfg = Lib MDo|Win32
		{DE46DDCC-66ED-4713-98E1-629F66E191F5}.ExternalRelease|Win32.Build.0 = Lib MDo|Win32
		{DE46DDCC-66ED-4713-98E1-629F66E191F5}.Lib MD|Win32.ActiveCfg = Lib MD|Win32
		{DE46DDCC-66ED-4713-98E1-629F66E191F5}.Lib MD|Win32.Build.0 = Lib MD|Win32
		{DE46DDCC-66ED-4713-98E1-629F66E191F5}.Lib MDd|Win32.ActiveCfg = Lib MDd|Win32
		{DE46DDCC-66ED-4713-98E1-629F66E191F5}.Lib MDd|Win32.Build.0 = Lib MDd|Win32
		{DE46DDCC-66ED-4713-98E1-629F66E191F5}.Lib MDo AH|Win32.ActiveCfg = Lib MDo H_AUTO|Win32
		{DE46DDCC-66ED-4713-98E1-629F66E191F5}.Lib MDo AH|Win32.Build.0 = Lib MDo H_AUTO|Win32
		{DE46DDCC-66ED-4713-98E1-629F66E191F5}.Lib MDo|Win32.ActiveCfg = Lib MDo|Win32
		{DE46DDCC-66ED-4713-98E1-629F66E191F5}.Lib MDo|Win32.Build.0 = Lib MDo|Win32
		{DE46DDCC-66ED-4713-98E1-629F66E191F5}.Lib MT|Win32.ActiveCfg = Lib MT|Win32
		{DE46DDCC-66ED-4713-98E1-629F66E191F5}.Lib MT|Win32.Build.0 = Lib MT|Win32
		{DE46DDCC-66ED-4713-98E1-629F66E191F5}.Lib MTd|Win32.ActiveCfg = Lib MTd|Win32
		{DE46DDCC-66ED-4713-98E1-629F66E191F5}.Lib MTd|Win32.Build.0 = Lib MTd|Win32
		{DE46DDCC-66ED-4713-98E1-629F66E191F5}.Lib MTo AH|Win32.ActiveCfg = Lib MTo|Win32
		{DE46DDCC-66ED-4713-98E1-629F66E191F5}.Lib MTo AH|Win32.Build.0 = Lib MTo|Win32
		{DE46DDCC-66ED-4713-98E1-629F66E191F5}.Lib MTo|Win32.ActiveCfg = Lib MTo|Win32
		{DE46DDCC-66ED-4713-98E1-629F66E191F5}.Lib MTo|Win32.Build.0 = Lib MTo|Win32
		{DE46DDCC-66ED-4713-98E1-629F66E191F5}.Release DLL|Win32.ActiveCfg = Lib MTd|Win32
		{DE46DDCC-66ED-4713-98E1-629F66E191F5}.Release DLL|Win32.Build.0 = Lib MTd|Win32
		{DE46DDCC-66ED-4713-98E1-629F66E191F5}.Release|Win32.ActiveCfg = Lib MD|Win32
		{DE46DDCC-66ED-4713-98E1-629F66E191F5}.Release|Win32.Build.0 = Lib MD|Win32
		{DE46DDCC-66ED-4713-98E1-629F66E191F5}.ReleaseMT|Win32.ActiveCfg = Lib MTd|Win32
		{DE46DDCC-66ED-4713-98E1-629F66E191F5}.ReleaseMT|Win32.Build.0 = Lib MTd|Win32
		{DE46DDCC-66ED-4713-98E1-629F66E191F5}.Shipping DLL|Win32.ActiveCfg = Lib MTd|Win32
		{DE46DDCC-66ED-4713-98E1-629F66E191F5}.Shipping DLL|Win32.Build.0 = Lib MTd|Win32
		{DE46DDCC-66ED-4713-98E1-629F66E191F5}.Shipping|Win32.ActiveCfg = Lib MTd|Win32
		{DE46DDCC-66ED-4713-98E1-629F66E191F5}.Shipping|Win32.Build.0 = Lib MTd|Win32
		{51E41DCB-7808-431C-AB3B-AA2B1D432680}.Debug DLL|Win32.ActiveCfg = Dragonica_INB_H_UNAUTO|Win32
		{51E41DCB-7808-431C-AB3B-AA2B1D432680}.Debug DLL|Win32.Build.0 = Dragonica_INB_H_UNAUTO|Win32
		{51E41DCB-7808-431C-AB3B-AA2B1D432680}.Debug|Win32.ActiveCfg = Dragonica_INB_H_UNAUTO|Win32
		{51E41DCB-7808-431C-AB3B-AA2B1D432680}.Debug|Win32.Build.0 = Dragonica_INB_H_UNAUTO|Win32
		{51E41DCB-7808-431C-AB3B-AA2B1D432680}.Dragonica_INB_Adept|Win32.ActiveCfg = Lib MTo|Win32
		{51E41DCB-7808-431C-AB3B-AA2B1D432680}.Dragonica_INB_Adept|Win32.Build.0 = Lib MTo|Win32
		{51E41DCB-7808-431C-AB3B-AA2B1D432680}.Dragonica_INB_America|Win32.ActiveCfg = Lib MDo|Win32
		{51E41DCB-7808-431C-AB3B-AA2B1D432680}.Dragonica_INB_America|Win32.Build.0 = Lib MDo|Win32
		{51E41DCB-7808-431C-AB3B-AA2B1D432680}.Dragonica_INB_G|Win32.ActiveCfg = Dragonica_INB_G|Win32
		{51E41DCB-7808-431C-AB3B-AA2B1D432680}.Dragonica_INB_G|Win32.Build.0 = Dragonica_INB_G|Win32
		{51E41DCB-7808-431C-AB3B-AA2B1D432680}.Dragonica_INB_H_AUTO|Win32.ActiveCfg = Lib MDo|Win32
		{51E41DCB-7808-431C-AB3B-AA2B1D432680}.Dragonica_INB_H_AUTO|Win32.Build.0 = Lib MDo|Win32
		{51E41DCB-7808-431C-AB3B-AA2B1D432680}.Dragonica_INB_H_UNAUTO|Win32.ActiveCfg = Lib MDo|Win32
		{51E41DCB-7808-431C-AB3B-AA2B1D432680}.Dragonica_INB_H_UNAUTO|Win32.Build.0 = Lib MDo|Win32
		{51E41DCB-7808-431C-AB3B-AA2B1D432680}.Dragonica_INB_Korea|Win32.ActiveCfg = Lib MDo|Win32
		{51E41DCB-7808-431C-AB3B-AA2B1D432680}.Dragonica_INB_Korea|Win32.Build.0 = Lib MDo|Win32
		{51E41DCB-7808-431C-AB3B-AA2B1D432680}.Dragonica_INB|Win32.ActiveCfg = Lib MDo|Win32
		{51E41DCB-7808-431C-AB3B-AA2B1D432680}.Dragonica_INB|Win32.Build.0 = Lib MDo|Win32
		{51E41DCB-7808-431C-AB3B-AA2B1D432680}.ExternalRelease_America|Win32.ActiveCfg = Lib MDo|Win32
		{51E41DCB-7808-431C-AB3B-AA2B1D432680}.ExternalRelease_America|Win32.Build.0 = Lib MDo|Win32
		{51E41DCB-7808-431C-AB3B-AA2B1D432680}.ExternalRelease_G|Win32.ActiveCfg = Lib MDo|Win32
		{51E41DCB-7808-431C-AB3B-AA2B1D432680}.ExternalRelease_G|Win32.Build.0 = Lib MDo|Win32
		{51E41DCB-7808-431C-AB3B-AA2B1D432680}.ExternalRelease_H_AUTO|Win32.ActiveCfg = Lib MDo|Win32
		{51E41DCB-7808-431C-AB3B-AA2B1D432680}.ExternalRelease_H_AUTO|Win32.Build.0 = Lib MDo|Win32
		{51E41DCB-7808-431C-AB3B-AA2B1D432680}.ExternalRelease_H_UNAUTO|Win32.ActiveCfg = Lib MDo|Win32
		{51E41DCB-7808-431C-AB3B-AA2B1D432680}.ExternalRelease_H_UNAUTO|Win32.Build.0 = Lib MDo|Win32
		{51E41DCB-7808-431C-AB3B-AA2B1D432680}.ExternalRelease_Korea|Win32.ActiveCfg = Lib MDo|Win32
		{51E41DCB-7808-431C-AB3B-AA2B1D432680}.ExternalRelease_Korea|Win32.Build.0 = Lib MDo|Win32
		{51E41DCB-7808-431C-AB3B-AA2B1D432680}.ExternalRelease|Win32.ActiveCfg = Lib MDo|Win32
		{51E41DCB-7808-431C-AB3B-AA2B1D432680}.ExternalRelease|Win32.Build.0 = Lib MDo|Win32
		{51E41DCB-7808-431C-AB3B-AA2B1D432680}.Lib MD|Win32.ActiveCfg = Lib MD|Win32
		{51E41DCB-7808-431C-AB3B-AA2B1D432680}.Lib MD|Win32.Build.0 = Lib MD|Win32
		{51E41DCB-7808-431C-AB3B-AA2B1D432680}.Lib MDd|Win32.ActiveCfg = Lib MDd|Win32
		{51E41DCB-7808-431C-AB3B-AA2B1D432680}.Lib MDd|Win32.Build.0 = Lib MDd|Win32
		{51E41DCB-7808-431C-AB3B-AA2B1D432680}.Lib MDo AH|Win32.ActiveCfg = Lib MDo|Win32
		{51E41DCB-7808-431C-AB3B-AA2B1D432680}.Lib MDo AH|Win32.Build.0 = Lib MDo|Win32
		{51E41DCB-7808-431C-AB3B-AA2B1D432680}.Lib MDo|Win32.ActiveCfg = Lib MDo|Win32
		{51E41DCB-7808-431C-AB3B-AA2B1D432680}.Lib MDo|Win32.Build.0 = Lib MDo|Win32
		{51E41DCB-7808-431C-AB3B-AA2B1D432680}.Lib MT|Win32.ActiveCfg = Lib MT|Win32
		{51E41DCB-7808-431C-AB3B-AA2B1D432680}.Lib MT|Win32.Build.0 = Lib MT|Win32
		{51E41DCB-7808-431C-AB3B-AA2B1D432680}.Lib MTd|Win32.ActiveCfg = Lib MTd|Win32
		{51E41DCB-7808-431C-AB3B-AA2B1D432680}.Lib MTd|Win32.Build.0 = Lib MTd|Win32
		{51E41DCB-7808-431C-AB3B-AA2B1D432680}.Lib MTo AH|Win32.ActiveCfg = Lib MTo|Win32
		{51E41DCB-7808-431C-AB3B-AA2B1D432680}.Lib MTo AH|Win32.Build.0 = Lib MTo|Win32
		{51E41DCB-7808-431C-AB3B-AA2B1D432680}.Lib MTo|Win32.ActiveCfg = Lib MTo|Win32
		{51E41DCB-7808-431C-AB3B-AA2B1D432680}.Lib MTo|Win32.Build.0 = Lib MTo|Win32
		{51E41DCB-7808-431C-AB3B-AA2B1D432680}.Release DLL|Win32.ActiveCfg = Lib MTd|Win32
		{51E41DCB-7808-431C-AB3B-AA2B1D432680}.Release DLL|Win32.Build.0 = Lib MTd|Win32
		{51E41DCB-7808-431C-AB3B-AA2B1D432680}.Release|Win32.ActiveCfg = Lib MD|Win32
		{51E41DCB-7808-431C-AB3B-AA2B1D432680}.Release|Win32.Build.0 = Lib MD|Win32
		{51E41DCB-7808-431C-AB3B-AA2B1D432680}.ReleaseMT|Win32.ActiveCfg = Lib MTd|Win32
		{51E41DCB-7808-431C-AB3B-AA2B1D432680}.ReleaseMT|Win32.Build.0 = Lib MTd|Win32
		{51E41DCB-7808-431C-AB3B-AA2B1D432680}.Shipping DLL|Win32.ActiveCfg = Lib MTd|Win32
		{51E41DCB-7808-431C-AB3B-AA2B1D432680}.Shipping DLL|Win32.Build.0 = Lib MTd|Win32
		{51E41DCB-7808-431C-AB3B-AA2B1D432680}.Shipping|Win32.ActiveCfg = Lib MTd|Win32
		{51E41DCB-7808-431C-AB3B-AA2B1D432680}.Shipping|Win32.Build.0 = Lib MTd|Win32
	EndGlobalSection
	GlobalSection(SolutionProperties) = preSolution
		HideSolutionNode = FALSE
	EndGlobalSection
	GlobalSection(NestedProjects) = preSolution
		{77F61351-AD25-4FAF-9B3D-E9DF557011D7} = {1AF0DE78-8DC8-4D55-AD8A-E5FCC8EA1BE7}
		{B70E3B9F-702A-4081-B800-0561AE064326} = {1AF0DE78-8DC8-4D55-AD8A-E5FCC8EA1BE7}
		{2CD41BDE-C5CD-4417-A560-EEF97EE2F734} = {0E707D42-CE8F-4F99-BAB6-88B5E02EBCD0}
		{DE46DDCC-66ED-4713-98E1-629F66E191F5} = {1AF0DE78-8DC8-4D55-AD8A-E5FCC8EA1BE7}
		{51E41DCB-7808-431C-AB3B-AA2B1D432680} = {1AF0DE78-8DC8-4D55-AD8A-E5FCC8EA1BE7}
	EndGlobalSection
	GlobalSection(ExtensibilityGlobals) = postSolution
		SolutionGuid = {A68B67F7-8FAD-46C2-B476-1307BEE69823}
	EndGlobalSection
EndGlobal
