
Microsoft Visual Studio Solution File, Format Version 9.00
# Visual Studio 2005
Project("{8BC9CEB8-8B4A-11D0-8D11-00A0C91BC942}") = "XUI", "XUI.vcproj", "{51E41DCB-7808-431C-AB3B-AA2B1D432680}"
EndProject
Global
	GlobalSection(SolutionConfigurationPlatforms) = preSolution
		Lib MD|Win32 = Lib MD|Win32
		Lib MDd|Win32 = Lib MDd|Win32
		Lib MDo|Win32 = Lib MDo|Win32
		Lib MT|Win32 = Lib MT|Win32
		Lib MTd|Win32 = Lib MTd|Win32
		Lib MTo|Win32 = Lib MTo|Win32
	EndGlobalSection
	GlobalSection(ProjectConfigurationPlatforms) = postSolution
		{51E41DCB-7808-431C-AB3B-AA2B1D432680}.Lib MD|Win32.ActiveCfg = Lib MD|Win32
		{51E41DCB-7808-431C-AB3B-AA2B1D432680}.Lib MD|Win32.Build.0 = Lib MD|Win32
		{51E41DCB-7808-431C-AB3B-AA2B1D432680}.Lib MDd|Win32.ActiveCfg = Lib MDd|Win32
		{51E41DCB-7808-431C-AB3B-AA2B1D432680}.Lib MDd|Win32.Build.0 = Lib MDd|Win32
		{51E41DCB-7808-431C-AB3B-AA2B1D432680}.Lib MDo|Win32.ActiveCfg = Lib MDo|Win32
		{51E41DCB-7808-431C-AB3B-AA2B1D432680}.Lib MDo|Win32.Build.0 = Lib MDo|Win32
		{51E41DCB-7808-431C-AB3B-AA2B1D432680}.Lib MT|Win32.ActiveCfg = Lib MT|Win32
		{51E41DCB-7808-431C-AB3B-AA2B1D432680}.Lib MT|Win32.Build.0 = Lib MT|Win32
		{51E41DCB-7808-431C-AB3B-AA2B1D432680}.Lib MTd|Win32.ActiveCfg = Lib MTd|Win32
		{51E41DCB-7808-431C-AB3B-AA2B1D432680}.Lib MTd|Win32.Build.0 = Lib MTd|Win32
		{51E41DCB-7808-431C-AB3B-AA2B1D432680}.Lib MTo|Win32.ActiveCfg = Lib MTo|Win32
		{51E41DCB-7808-431C-AB3B-AA2B1D432680}.Lib MTo|Win32.Build.0 = Lib MTo|Win32
	EndGlobalSection
	GlobalSection(SolutionProperties) = preSolution
		HideSolutionNode = FALSE
	EndGlobalSection
EndGlobal
