
Microsoft Visual Studio Solution File, Format Version 9.00
# Visual Studio 2005
Project("{8BC9CEB8-8B4A-11D0-8D11-00A0C91BC942}") = "Pack", "Pack.vcproj", "{F2A88629-B5A3-44C8-AA2C-6376ABCDCC60}"
EndProject
Project("{2150E333-8FDC-42A3-9474-1A3956D46DE8}") = "Pack", "Pack", "{915A2526-1E63-4D0E-BD34-3C8A0D323E2F}"
EndProject
Global
	GlobalSection(SolutionConfigurationPlatforms) = preSolution
		Debug|Win32 = Debug|Win32
		Release|Win32 = Release|Win32
	EndGlobalSection
	GlobalSection(ProjectConfigurationPlatforms) = postSolution
		{F2A88629-B5A3-44C8-AA2C-6376ABCDCC60}.Debug|Win32.ActiveCfg = Debug|Win32
		{F2A88629-B5A3-44C8-AA2C-6376ABCDCC60}.Debug|Win32.Build.0 = Debug|Win32
		{F2A88629-B5A3-44C8-AA2C-6376ABCDCC60}.Release|Win32.ActiveCfg = Release|Win32
		{F2A88629-B5A3-44C8-AA2C-6376ABCDCC60}.Release|Win32.Build.0 = Release|Win32
	EndGlobalSection
	GlobalSection(SolutionProperties) = preSolution
		HideSolutionNode = FALSE
	EndGlobalSection
	GlobalSection(NestedProjects) = preSolution
		{F2A88629-B5A3-44C8-AA2C-6376ABCDCC60} = {915A2526-1E63-4D0E-BD34-3C8A0D323E2F}
	EndGlobalSection
EndGlobal
