
Microsoft Visual Studio Solution File, Format Version 9.00
# Visual Studio 2005
Project("{8BC9CEB8-8B4A-11D0-8D11-00A0C91BC942}") = "ImmigrationServer", "ImmigrationServer.vcproj", "{DBDB5D35-9E76-49A7-A150-067EAF6FAD7D}"
EndProject
Global
	GlobalSection(SolutionConfigurationPlatforms) = preSolution
		Lib MDd|Win32 = Lib MDd|Win32
		Lib MD|Win32 = Lib MD|Win32
		Lib MDo|Win32 = Lib MDo|Win32
	EndGlobalSection
	GlobalSection(ProjectConfigurationPlatforms) = postSolution
		{DBDB5D35-9E76-49A7-A150-067EAF6FAD7D}.Lib MDd|Win32.ActiveCfg = Lib MDd|Win32
		{DBDB5D35-9E76-49A7-A150-067EAF6FAD7D}.Lib MDd|Win32.Build.0 = Lib MDd|Win32
		{DBDB5D35-9E76-49A7-A150-067EAF6FAD7D}.Lib MD|Win32.ActiveCfg = Lib MD|Win32
		{DBDB5D35-9E76-49A7-A150-067EAF6FAD7D}.Lib MD|Win32.Build.0 = Lib MD|Win32
		{DBDB5D35-9E76-49A7-A150-067EAF6FAD7D}.Lib MDo|Win32.ActiveCfg = Lib MDo|Win32
		{DBDB5D35-9E76-49A7-A150-067EAF6FAD7D}.Lib MDo|Win32.Build.0 = Lib MDo|Win32
	EndGlobalSection
	GlobalSection(SolutionProperties) = preSolution
		HideSolutionNode = FALSE
	EndGlobalSection
EndGlobal
