
Microsoft Visual Studio Solution File, Format Version 9.00
# Visual Studio 2005
Project("{8BC9CEB8-8B4A-11D0-8D11-00A0C91BC942}") = "Variant", "Variant.vcproj", "{B70E3B9F-702A-4081-B800-0561AE064326}"
EndProject
Global
	GlobalSection(SolutionConfigurationPlatforms) = preSolution
		Debug|Win32 = Debug|Win32
		ExternalRelease|Win32 = ExternalRelease|Win32
		Release|Win32 = Release|Win32
	EndGlobalSection
	GlobalSection(ProjectConfigurationPlatforms) = postSolution
		{B70E3B9F-702A-4081-B800-0561AE064326}.Debug|Win32.ActiveCfg = Debug|Win32
		{B70E3B9F-702A-4081-B800-0561AE064326}.Debug|Win32.Build.0 = Debug|Win32
		{B70E3B9F-702A-4081-B800-0561AE064326}.ExternalRelease|Win32.ActiveCfg = ExternalRelease|Win32
		{B70E3B9F-702A-4081-B800-0561AE064326}.ExternalRelease|Win32.Build.0 = ExternalRelease|Win32
		{B70E3B9F-702A-4081-B800-0561AE064326}.Release|Win32.ActiveCfg = Release|Win32
		{B70E3B9F-702A-4081-B800-0561AE064326}.Release|Win32.Build.0 = Release|Win32
	EndGlobalSection
	GlobalSection(SolutionProperties) = preSolution
		HideSolutionNode = FALSE
	EndGlobalSection
EndGlobal
