
Microsoft Visual Studio Solution File, Format Version 9.00
# Visual Studio 2005
Project("{8BC9CEB8-8B4A-11D0-8D11-00A0C91BC942}") = "MPPack", "MPPack.vcproj", "{9D6A5DBE-4F8C-4B16-9779-5FEBF877BA41}"
	ProjectSection(ProjectDependencies) = postProject
		{2B48E850-C6AE-4408-8C84-C4EBBE5B8162} = {2B48E850-C6AE-4408-8C84-C4EBBE5B8162}
		{E538F866-FFF4-4CA3-B003-275DD38C8EC2} = {E538F866-FFF4-4CA3-B003-275DD38C8EC2}
	EndProjectSection
EndProject
Project("{8BC9CEB8-8B4A-11D0-8D11-00A0C91BC942}") = "BM", "..\..\..\Core\cosmos_src\include\BM\BM.vcproj", "{E538F866-FFF4-4CA3-B003-275DD38C8EC2}"
EndProject
Project("{8BC9CEB8-8B4A-11D0-8D11-00A0C91BC942}") = "DataPack", "..\..\..\Core\cosmos_src\include\DataPack\DataPack.vcproj", "{2B48E850-C6AE-4408-8C84-C4EBBE5B8162}"
	ProjectSection(ProjectDependencies) = postProject
		{E538F866-FFF4-4CA3-B003-275DD38C8EC2} = {E538F866-FFF4-4CA3-B003-275DD38C8EC2}
	EndProjectSection
EndProject
Global
	GlobalSection(SolutionConfigurationPlatforms) = preSolution
		Debug|Win32 = Debug|Win32
		ExternalRelease|Win32 = ExternalRelease|Win32
		Lib MD|Win32 = Lib MD|Win32
		Lib MDd|Win32 = Lib MDd|Win32
		Lib MDo AH|Win32 = Lib MDo AH|Win32
		Lib MDo|Win32 = Lib MDo|Win32
		Lib MT|Win32 = Lib MT|Win32
		Lib MTd|Win32 = Lib MTd|Win32
		Lib MTo AH|Win32 = Lib MTo AH|Win32
		Lib MTo|Win32 = Lib MTo|Win32
		Release|Win32 = Release|Win32
	EndGlobalSection
	GlobalSection(ProjectConfigurationPlatforms) = postSolution
		{9D6A5DBE-4F8C-4B16-9779-5FEBF877BA41}.Debug|Win32.ActiveCfg = Debug|Win32
		{9D6A5DBE-4F8C-4B16-9779-5FEBF877BA41}.Debug|Win32.Build.0 = Debug|Win32
		{9D6A5DBE-4F8C-4B16-9779-5FEBF877BA41}.ExternalRelease|Win32.ActiveCfg = Release|Win32
		{9D6A5DBE-4F8C-4B16-9779-5FEBF877BA41}.ExternalRelease|Win32.Build.0 = Release|Win32
		{9D6A5DBE-4F8C-4B16-9779-5FEBF877BA41}.Lib MD|Win32.ActiveCfg = Release|Win32
		{9D6A5DBE-4F8C-4B16-9779-5FEBF877BA41}.Lib MD|Win32.Build.0 = Release|Win32
		{9D6A5DBE-4F8C-4B16-9779-5FEBF877BA41}.Lib MDd|Win32.ActiveCfg = Release|Win32
		{9D6A5DBE-4F8C-4B16-9779-5FEBF877BA41}.Lib MDd|Win32.Build.0 = Release|Win32
		{9D6A5DBE-4F8C-4B16-9779-5FEBF877BA41}.Lib MDo AH|Win32.ActiveCfg = Release|Win32
		{9D6A5DBE-4F8C-4B16-9779-5FEBF877BA41}.Lib MDo AH|Win32.Build.0 = Release|Win32
		{9D6A5DBE-4F8C-4B16-9779-5FEBF877BA41}.Lib MDo|Win32.ActiveCfg = Release|Win32
		{9D6A5DBE-4F8C-4B16-9779-5FEBF877BA41}.Lib MDo|Win32.Build.0 = Release|Win32
		{9D6A5DBE-4F8C-4B16-9779-5FEBF877BA41}.Lib MT|Win32.ActiveCfg = Release|Win32
		{9D6A5DBE-4F8C-4B16-9779-5FEBF877BA41}.Lib MT|Win32.Build.0 = Release|Win32
		{9D6A5DBE-4F8C-4B16-9779-5FEBF877BA41}.Lib MTd|Win32.ActiveCfg = Release|Win32
		{9D6A5DBE-4F8C-4B16-9779-5FEBF877BA41}.Lib MTd|Win32.Build.0 = Release|Win32
		{9D6A5DBE-4F8C-4B16-9779-5FEBF877BA41}.Lib MTo AH|Win32.ActiveCfg = Release|Win32
		{9D6A5DBE-4F8C-4B16-9779-5FEBF877BA41}.Lib MTo AH|Win32.Build.0 = Release|Win32
		{9D6A5DBE-4F8C-4B16-9779-5FEBF877BA41}.Lib MTo|Win32.ActiveCfg = Release|Win32
		{9D6A5DBE-4F8C-4B16-9779-5FEBF877BA41}.Lib MTo|Win32.Build.0 = Release|Win32
		{9D6A5DBE-4F8C-4B16-9779-5FEBF877BA41}.Release|Win32.ActiveCfg = Release|Win32
		{9D6A5DBE-4F8C-4B16-9779-5FEBF877BA41}.Release|Win32.Build.0 = Release|Win32
		{E538F866-FFF4-4CA3-B003-275DD38C8EC2}.Debug|Win32.ActiveCfg = Lib MDd|Win32
		{E538F866-FFF4-4CA3-B003-275DD38C8EC2}.Debug|Win32.Build.0 = Lib MDd|Win32
		{E538F866-FFF4-4CA3-B003-275DD38C8EC2}.ExternalRelease|Win32.ActiveCfg = Lib MDo|Win32
		{E538F866-FFF4-4CA3-B003-275DD38C8EC2}.ExternalRelease|Win32.Build.0 = Lib MDo|Win32
		{E538F866-FFF4-4CA3-B003-275DD38C8EC2}.Lib MD|Win32.ActiveCfg = Lib MD|Win32
		{E538F866-FFF4-4CA3-B003-275DD38C8EC2}.Lib MD|Win32.Build.0 = Lib MD|Win32
		{E538F866-FFF4-4CA3-B003-275DD38C8EC2}.Lib MDd|Win32.ActiveCfg = Lib MDd|Win32
		{E538F866-FFF4-4CA3-B003-275DD38C8EC2}.Lib MDd|Win32.Build.0 = Lib MDd|Win32
		{E538F866-FFF4-4CA3-B003-275DD38C8EC2}.Lib MDo AH|Win32.ActiveCfg = Lib MDo AH|Win32
		{E538F866-FFF4-4CA3-B003-275DD38C8EC2}.Lib MDo AH|Win32.Build.0 = Lib MDo AH|Win32
		{E538F866-FFF4-4CA3-B003-275DD38C8EC2}.Lib MDo|Win32.ActiveCfg = Lib MDo|Win32
		{E538F866-FFF4-4CA3-B003-275DD38C8EC2}.Lib MDo|Win32.Build.0 = Lib MDo|Win32
		{E538F866-FFF4-4CA3-B003-275DD38C8EC2}.Lib MT|Win32.ActiveCfg = Lib MT|Win32
		{E538F866-FFF4-4CA3-B003-275DD38C8EC2}.Lib MT|Win32.Build.0 = Lib MT|Win32
		{E538F866-FFF4-4CA3-B003-275DD38C8EC2}.Lib MTd|Win32.ActiveCfg = Lib MTd|Win32
		{E538F866-FFF4-4CA3-B003-275DD38C8EC2}.Lib MTd|Win32.Build.0 = Lib MTd|Win32
		{E538F866-FFF4-4CA3-B003-275DD38C8EC2}.Lib MTo AH|Win32.ActiveCfg = Lib MTo AH|Win32
		{E538F866-FFF4-4CA3-B003-275DD38C8EC2}.Lib MTo AH|Win32.Build.0 = Lib MTo AH|Win32
		{E538F866-FFF4-4CA3-B003-275DD38C8EC2}.Lib MTo|Win32.ActiveCfg = Lib MTo|Win32
		{E538F866-FFF4-4CA3-B003-275DD38C8EC2}.Lib MTo|Win32.Build.0 = Lib MTo|Win32
		{E538F866-FFF4-4CA3-B003-275DD38C8EC2}.Release|Win32.ActiveCfg = Lib MDo|Win32
		{E538F866-FFF4-4CA3-B003-275DD38C8EC2}.Release|Win32.Build.0 = Lib MDo|Win32
		{2B48E850-C6AE-4408-8C84-C4EBBE5B8162}.Debug|Win32.ActiveCfg = Lib MDd|Win32
		{2B48E850-C6AE-4408-8C84-C4EBBE5B8162}.Debug|Win32.Build.0 = Lib MDd|Win32
		{2B48E850-C6AE-4408-8C84-C4EBBE5B8162}.ExternalRelease|Win32.ActiveCfg = Lib MDo AH|Win32
		{2B48E850-C6AE-4408-8C84-C4EBBE5B8162}.ExternalRelease|Win32.Build.0 = Lib MDo AH|Win32
		{2B48E850-C6AE-4408-8C84-C4EBBE5B8162}.Lib MD|Win32.ActiveCfg = Lib MD|Win32
		{2B48E850-C6AE-4408-8C84-C4EBBE5B8162}.Lib MD|Win32.Build.0 = Lib MD|Win32
		{2B48E850-C6AE-4408-8C84-C4EBBE5B8162}.Lib MDd|Win32.ActiveCfg = Lib MDd|Win32
		{2B48E850-C6AE-4408-8C84-C4EBBE5B8162}.Lib MDd|Win32.Build.0 = Lib MDd|Win32
		{2B48E850-C6AE-4408-8C84-C4EBBE5B8162}.Lib MDo AH|Win32.ActiveCfg = Lib MDo AH|Win32
		{2B48E850-C6AE-4408-8C84-C4EBBE5B8162}.Lib MDo AH|Win32.Build.0 = Lib MDo AH|Win32
		{2B48E850-C6AE-4408-8C84-C4EBBE5B8162}.Lib MDo|Win32.ActiveCfg = Lib MDo|Win32
		{2B48E850-C6AE-4408-8C84-C4EBBE5B8162}.Lib MDo|Win32.Build.0 = Lib MDo|Win32
		{2B48E850-C6AE-4408-8C84-C4EBBE5B8162}.Lib MT|Win32.ActiveCfg = Lib MT|Win32
		{2B48E850-C6AE-4408-8C84-C4EBBE5B8162}.Lib MT|Win32.Build.0 = Lib MT|Win32
		{2B48E850-C6AE-4408-8C84-C4EBBE5B8162}.Lib MTd|Win32.ActiveCfg = Lib MTd|Win32
		{2B48E850-C6AE-4408-8C84-C4EBBE5B8162}.Lib MTd|Win32.Build.0 = Lib MTd|Win32
		{2B48E850-C6AE-4408-8C84-C4EBBE5B8162}.Lib MTo AH|Win32.ActiveCfg = Lib MTo AH|Win32
		{2B48E850-C6AE-4408-8C84-C4EBBE5B8162}.Lib MTo AH|Win32.Build.0 = Lib MTo AH|Win32
		{2B48E850-C6AE-4408-8C84-C4EBBE5B8162}.Lib MTo|Win32.ActiveCfg = Lib MTo|Win32
		{2B48E850-C6AE-4408-8C84-C4EBBE5B8162}.Lib MTo|Win32.Build.0 = Lib MTo|Win32
		{2B48E850-C6AE-4408-8C84-C4EBBE5B8162}.Release|Win32.ActiveCfg = Lib MDo|Win32
		{2B48E850-C6AE-4408-8C84-C4EBBE5B8162}.Release|Win32.Build.0 = Lib MDo|Win32
	EndGlobalSection
	GlobalSection(SolutionProperties) = preSolution
		HideSolutionNode = FALSE
	EndGlobalSection
	GlobalSection(DPCodeReviewSolutionGUID) = preSolution
		DPCodeReviewSolutionGUID = {00000000-0000-0000-0000-000000000000}
	EndGlobalSection
EndGlobal
