
Microsoft Visual Studio Solution File, Format Version 12.00
# Visual Studio 15
VisualStudioVersion = 15.0.28307.757
MinimumVisualStudioVersion = 10.0.40219.1
Project("{8BC9CEB8-8B4A-11D0-8D11-00A0C91BC942}") = "PatchExe", "PatchExe\PatchExe.vcxproj", "{215B244F-D6EA-4EF6-9F17-1F5775B5F5D9}"
EndProject
Global
	GlobalSection(SolutionConfigurationPlatforms) = preSolution
		Debug|Win32 = Debug|Win32
		Release|Win32 = Release|Win32
	EndGlobalSection
	GlobalSection(ProjectConfigurationPlatforms) = postSolution
		{215B244F-D6EA-4EF6-9F17-1F5775B5F5D9}.Debug|Win32.ActiveCfg = Debug|Win32
		{215B244F-D6EA-4EF6-9F17-1F5775B5F5D9}.Debug|Win32.Build.0 = Debug|Win32
		{215B244F-D6EA-4EF6-9F17-1F5775B5F5D9}.Release|Win32.ActiveCfg = Release|Win32
		{215B244F-D6EA-4EF6-9F17-1F5775B5F5D9}.Release|Win32.Build.0 = Release|Win32
	EndGlobalSection
	GlobalSection(SolutionProperties) = preSolution
		HideSolutionNode = FALSE
	EndGlobalSection
	GlobalSection(ExtensibilityGlobals) = postSolution
		SolutionGuid = {D8B65743-355E-4BC8-B4CF-1F1FC8E647FC}
	EndGlobalSection
EndGlobal
